// !$*UTF8*$!
{
	archiveVersion = 1;
	classes = {
	};
	objectVersion = 46;
	objects = {

/* Begin PBXBuildFile section */
		204C8CB78E1D2155D0D10050 /* libPods-note_ios_app.a in Frameworks */ = {isa = PBXBuildFile; fileRef = FA8AC8B80F125B5155B5CDFB /* libPods-note_ios_app.a */; };
		4720F7321E559D0C0011D677 /* JH_FileManager.m in Sources */ = {isa = PBXBuildFile; fileRef = 4720F7311E559D0C0011D677 /* JH_FileManager.m */; };
		473231AC1DC47AFD00C890D0 /* ThemeButton.m in Sources */ = {isa = PBXBuildFile; fileRef = 473231AB1DC47AFD00C890D0 /* ThemeButton.m */; };
		473231AF1DC47B1800C890D0 /* ThemeLabel.m in Sources */ = {isa = PBXBuildFile; fileRef = 473231AE1DC47B1800C890D0 /* ThemeLabel.m */; };
		473651711DD357A800397969 /* JHBaseRequest.m in Sources */ = {isa = PBXBuildFile; fileRef = 473651701DD357A800397969 /* JHBaseRequest.m */; };
		473651741DD3584C00397969 /* JH_UserLoginApi.m in Sources */ = {isa = PBXBuildFile; fileRef = 473651731DD3584C00397969 /* JH_UserLoginApi.m */; };
		474A32571E52A72F008FD632 /* JH_JSQBaseChatVC.m in Sources */ = {isa = PBXBuildFile; fileRef = 474A32561E52A72F008FD632 /* JH_JSQBaseChatVC.m */; };
		474A325A1E52A7B5008FD632 /* JH_JSQBaseChatModel.m in Sources */ = {isa = PBXBuildFile; fileRef = 474A32591E52A7B5008FD632 /* JH_JSQBaseChatModel.m */; };
		474A32611E52A9F0008FD632 /* LPActionSheet.m in Sources */ = {isa = PBXBuildFile; fileRef = 474A32601E52A9F0008FD632 /* LPActionSheet.m */; };
		474A32641E52DFDF008FD632 /* JH_ChatSendMessageView.m in Sources */ = {isa = PBXBuildFile; fileRef = 474A32631E52DFDF008FD632 /* JH_ChatSendMessageView.m */; };
		474A32671E52F552008FD632 /* UIView+UIViewController.m in Sources */ = {isa = PBXBuildFile; fileRef = 474A32661E52F552008FD632 /* UIView+UIViewController.m */; };
		476BE2C51E56C9C900D41377 /* UserInfoManager.m in Sources */ = {isa = PBXBuildFile; fileRef = 476BE2C41E56C9C900D41377 /* UserInfoManager.m */; };
		478F69561DC8BBCC001E9569 /* JHSquareVC.m in Sources */ = {isa = PBXBuildFile; fileRef = 478F69551DC8BBCC001E9569 /* JHSquareVC.m */; };
		478F69591DC8BBE2001E9569 /* JHNoteVC.m in Sources */ = {isa = PBXBuildFile; fileRef = 478F69581DC8BBE2001E9569 /* JHNoteVC.m */; };
		478F695C1DC8BBF3001E9569 /* JHFriendsVC.m in Sources */ = {isa = PBXBuildFile; fileRef = 478F695B1DC8BBF3001E9569 /* JHFriendsVC.m */; };
		478F695F1DC8BC1E001E9569 /* JHChildFriendsVC.m in Sources */ = {isa = PBXBuildFile; fileRef = 478F695E1DC8BC1E001E9569 /* JHChildFriendsVC.m */; };
		478F69621DC8BC32001E9569 /* JHChildMessageVC.m in Sources */ = {isa = PBXBuildFile; fileRef = 478F69611DC8BC32001E9569 /* JHChildMessageVC.m */; };
		478F69661DC8BF4D001E9569 /* JHBaseRootVC.m in Sources */ = {isa = PBXBuildFile; fileRef = 478F69651DC8BF4D001E9569 /* JHBaseRootVC.m */; };
		478F69691DC8C0B3001E9569 /* JHSlideView.m in Sources */ = {isa = PBXBuildFile; fileRef = 478F69681DC8C0B3001E9569 /* JHSlideView.m */; };
		47A56B521E53FA2E00A86F34 /* CoreData.framework in Frameworks */ = {isa = PBXBuildFile; fileRef = 47A56B511E53FA2E00A86F34 /* CoreData.framework */; };
		47A56B551E53FAAA00A86F34 /* JH_ChatCoreData.xcdatamodeld in Sources */ = {isa = PBXBuildFile; fileRef = 47A56B531E53FAAA00A86F34 /* JH_ChatCoreData.xcdatamodeld */; };
		47A56B8E1E5404CE00A86F34 /* JH_ChatMessageManager.m in Sources */ = {isa = PBXBuildFile; fileRef = 47A56B8D1E5404CE00A86F34 /* JH_ChatMessageManager.m */; };
		47A56B911E5407E000A86F34 /* JH_ChatMessageHelper.m in Sources */ = {isa = PBXBuildFile; fileRef = 47A56B901E5407E000A86F34 /* JH_ChatMessageHelper.m */; };
		47AF3B131E5450BC0018DA66 /* NSString+ChangeTime.m in Sources */ = {isa = PBXBuildFile; fileRef = 47AF3B121E5450BC0018DA66 /* NSString+ChangeTime.m */; };
		47B8301A1DC44AB500969523 /* main.m in Sources */ = {isa = PBXBuildFile; fileRef = 47B830191DC44AB500969523 /* main.m */; };
		47B8301D1DC44AB500969523 /* AppDelegate.m in Sources */ = {isa = PBXBuildFile; fileRef = 47B8301C1DC44AB500969523 /* AppDelegate.m */; };
		47B830251DC44AB500969523 /* Assets.xcassets in Resources */ = {isa = PBXBuildFile; fileRef = 47B830241DC44AB500969523 /* Assets.xcassets */; };
		47B830281DC44AB500969523 /* LaunchScreen.storyboard in Resources */ = {isa = PBXBuildFile; fileRef = 47B830261DC44AB500969523 /* LaunchScreen.storyboard */; };
		47B830331DC44AB600969523 /* note_ios_appTests.m in Sources */ = {isa = PBXBuildFile; fileRef = 47B830321DC44AB600969523 /* note_ios_appTests.m */; };
		47B8303E1DC44AB600969523 /* note_ios_appUITests.m in Sources */ = {isa = PBXBuildFile; fileRef = 47B8303D1DC44AB600969523 /* note_ios_appUITests.m */; };
		47B830551DC4509E00969523 /* AppDelegate+StartApp.m in Sources */ = {isa = PBXBuildFile; fileRef = 47B830541DC4509E00969523 /* AppDelegate+StartApp.m */; };
		47B830581DC4518B00969523 /* JHBaseTabBar.m in Sources */ = {isa = PBXBuildFile; fileRef = 47B830571DC4518B00969523 /* JHBaseTabBar.m */; };
		47B8305B1DC451AF00969523 /* JHBaseNav.m in Sources */ = {isa = PBXBuildFile; fileRef = 47B8305A1DC451AF00969523 /* JHBaseNav.m */; };
		47B8305E1DC451CA00969523 /* JHBaseViewController.m in Sources */ = {isa = PBXBuildFile; fileRef = 47B8305D1DC451CA00969523 /* JHBaseViewController.m */; };
		47B830651DC4529700969523 /* JHLoginVC.m in Sources */ = {isa = PBXBuildFile; fileRef = 47B830641DC4529700969523 /* JHLoginVC.m */; };
		47B830681DC46BD800969523 /* JHRegisterVC.m in Sources */ = {isa = PBXBuildFile; fileRef = 47B830671DC46BD800969523 /* JHRegisterVC.m */; };
		47D84DB11E51464E009C6C2A /* JHChatFriendCell.m in Sources */ = {isa = PBXBuildFile; fileRef = 47D84DAF1E51464E009C6C2A /* JHChatFriendCell.m */; };
		47D84DB21E51464E009C6C2A /* JHChatFriendCell.xib in Resources */ = {isa = PBXBuildFile; fileRef = 47D84DB01E51464E009C6C2A /* JHChatFriendCell.xib */; };
		47D84DB81E5146A8009C6C2A /* JHChatFriendSectionModel.m in Sources */ = {isa = PBXBuildFile; fileRef = 47D84DB71E5146A8009C6C2A /* JHChatFriendSectionModel.m */; };
		47D84DBB1E5146B6009C6C2A /* JHChatFriendRowModel.m in Sources */ = {isa = PBXBuildFile; fileRef = 47D84DBA1E5146B6009C6C2A /* JHChatFriendRowModel.m */; };
		47D84DBE1E514A8C009C6C2A /* p0.jpg in Resources */ = {isa = PBXBuildFile; fileRef = 47D84DBD1E514A8C009C6C2A /* p0.jpg */; };
		47D84DC11E515523009C6C2A /* JHChatFriendViewModel.m in Sources */ = {isa = PBXBuildFile; fileRef = 47D84DC01E515523009C6C2A /* JHChatFriendViewModel.m */; };
		47D84DC41E516405009C6C2A /* JHChatFriendItem.m in Sources */ = {isa = PBXBuildFile; fileRef = 47D84DC31E516405009C6C2A /* JHChatFriendItem.m */; };
		47D84DC71E518011009C6C2A /* JHChatFriendGroupView.m in Sources */ = {isa = PBXBuildFile; fileRef = 47D84DC61E518011009C6C2A /* JHChatFriendGroupView.m */; };
		47D84DCA1E519FCE009C6C2A /* JH_DIYsearchBar.m in Sources */ = {isa = PBXBuildFile; fileRef = 47D84DC91E519FCE009C6C2A /* JH_DIYsearchBar.m */; };
		47D84DCE1E51AB18009C6C2A /* JHChatMessageCell.m in Sources */ = {isa = PBXBuildFile; fileRef = 47D84DCC1E51AB18009C6C2A /* JHChatMessageCell.m */; };
		47D84DCF1E51AB18009C6C2A /* JHChatMessageCell.xib in Resources */ = {isa = PBXBuildFile; fileRef = 47D84DCD1E51AB18009C6C2A /* JHChatMessageCell.xib */; };
		47D84DD21E51AB4E009C6C2A /* JHChatMessageItem.m in Sources */ = {isa = PBXBuildFile; fileRef = 47D84DD11E51AB4E009C6C2A /* JHChatMessageItem.m */; };
		47D84DD51E51B25B009C6C2A /* JHChatMessageViewModel.m in Sources */ = {isa = PBXBuildFile; fileRef = 47D84DD41E51B25B009C6C2A /* JHChatMessageViewModel.m */; };
		47D84DD81E51B2FC009C6C2A /* JHChatMessageModel.m in Sources */ = {isa = PBXBuildFile; fileRef = 47D84DD71E51B2FC009C6C2A /* JHChatMessageModel.m */; };
		47EE67E91E535091008716E8 /* JH_ChatAudioView.m in Sources */ = {isa = PBXBuildFile; fileRef = 47EE67E81E535091008716E8 /* JH_ChatAudioView.m */; };
		47EE67EB1E535C02008716E8 /* AVFoundation.framework in Frameworks */ = {isa = PBXBuildFile; fileRef = 47EE67EA1E535C02008716E8 /* AVFoundation.framework */; };
		47EE67EF1E535F28008716E8 /* libmp3lame.a in Frameworks */ = {isa = PBXBuildFile; fileRef = 47EE67EE1E535F28008716E8 /* libmp3lame.a */; };
		47F1FD9B1DD9EF060096A1AF /* JHBaseTextField.m in Sources */ = {isa = PBXBuildFile; fileRef = 47F1FD9A1DD9EF060096A1AF /* JHBaseTextField.m */; };
		47F1FD9E1DD9F06B0096A1AF /* JHBaseSubmitButton.m in Sources */ = {isa = PBXBuildFile; fileRef = 47F1FD9D1DD9F06B0096A1AF /* JHBaseSubmitButton.m */; };
/* End PBXBuildFile section */

/* Begin PBXContainerItemProxy section */
		47B8302F1DC44AB600969523 /* PBXContainerItemProxy */ = {
			isa = PBXContainerItemProxy;
			containerPortal = 47B8300D1DC44AB500969523 /* Project object */;
			proxyType = 1;
			remoteGlobalIDString = 47B830141DC44AB500969523;
			remoteInfo = note_ios_app;
		};
		47B8303A1DC44AB600969523 /* PBXContainerItemProxy */ = {
			isa = PBXContainerItemProxy;
			containerPortal = 47B8300D1DC44AB500969523 /* Project object */;
			proxyType = 1;
			remoteGlobalIDString = 47B830141DC44AB500969523;
			remoteInfo = note_ios_app;
		};
/* End PBXContainerItemProxy section */

/* Begin PBXFileReference section */
		15E36BA90E8BB2D324FD635F /* Pods-note_ios_app.release.xcconfig */ = {isa = PBXFileReference; includeInIndex = 1; lastKnownFileType = text.xcconfig; name = "Pods-note_ios_app.release.xcconfig"; path = "Pods/Target Support Files/Pods-note_ios_app/Pods-note_ios_app.release.xcconfig"; sourceTree = "<group>"; };
		4720F7291E5585AB0011D677 /* M_MessageList+CoreDataClass.h */ = {isa = PBXFileReference; fileEncoding = 4; lastKnownFileType = sourcecode.c.h; path = "M_MessageList+CoreDataClass.h"; sourceTree = "<group>"; };
		4720F72A1E5585AB0011D677 /* M_MessageList+CoreDataClass.m */ = {isa = PBXFileReference; fileEncoding = 4; lastKnownFileType = sourcecode.c.objc; path = "M_MessageList+CoreDataClass.m"; sourceTree = "<group>"; };
		4720F72B1E5585AB0011D677 /* M_MessageList+CoreDataProperties.h */ = {isa = PBXFileReference; fileEncoding = 4; lastKnownFileType = sourcecode.c.h; path = "M_MessageList+CoreDataProperties.h"; sourceTree = "<group>"; };
		4720F72C1E5585AB0011D677 /* M_MessageList+CoreDataProperties.m */ = {isa = PBXFileReference; fileEncoding = 4; lastKnownFileType = sourcecode.c.objc; path = "M_MessageList+CoreDataProperties.m"; sourceTree = "<group>"; };
		4720F7301E559D0C0011D677 /* JH_FileManager.h */ = {isa = PBXFileReference; fileEncoding = 4; lastKnownFileType = sourcecode.c.h; path = JH_FileManager.h; sourceTree = "<group>"; };
		4720F7311E559D0C0011D677 /* JH_FileManager.m */ = {isa = PBXFileReference; fileEncoding = 4; lastKnownFileType = sourcecode.c.objc; path = JH_FileManager.m; sourceTree = "<group>"; };
		473231A81DC46EA700C890D0 /* Attribute.h */ = {isa = PBXFileReference; lastKnownFileType = sourcecode.c.h; path = Attribute.h; sourceTree = "<group>"; };
		473231A91DC4758400C890D0 /* JH_NOTE_PCH.pch */ = {isa = PBXFileReference; lastKnownFileType = sourcecode.c.h; path = JH_NOTE_PCH.pch; sourceTree = "<group>"; };
		473231AA1DC47AFD00C890D0 /* ThemeButton.h */ = {isa = PBXFileReference; fileEncoding = 4; lastKnownFileType = sourcecode.c.h; path = ThemeButton.h; sourceTree = "<group>"; };
		473231AB1DC47AFD00C890D0 /* ThemeButton.m */ = {isa = PBXFileReference; fileEncoding = 4; lastKnownFileType = sourcecode.c.objc; path = ThemeButton.m; sourceTree = "<group>"; };
		473231AD1DC47B1800C890D0 /* ThemeLabel.h */ = {isa = PBXFileReference; fileEncoding = 4; lastKnownFileType = sourcecode.c.h; path = ThemeLabel.h; sourceTree = "<group>"; };
		473231AE1DC47B1800C890D0 /* ThemeLabel.m */ = {isa = PBXFileReference; fileEncoding = 4; lastKnownFileType = sourcecode.c.objc; path = ThemeLabel.m; sourceTree = "<group>"; };
		4736516F1DD357A800397969 /* JHBaseRequest.h */ = {isa = PBXFileReference; fileEncoding = 4; lastKnownFileType = sourcecode.c.h; path = JHBaseRequest.h; sourceTree = "<group>"; };
		473651701DD357A800397969 /* JHBaseRequest.m */ = {isa = PBXFileReference; fileEncoding = 4; lastKnownFileType = sourcecode.c.objc; path = JHBaseRequest.m; sourceTree = "<group>"; };
		473651721DD3584C00397969 /* JH_UserLoginApi.h */ = {isa = PBXFileReference; fileEncoding = 4; lastKnownFileType = sourcecode.c.h; path = JH_UserLoginApi.h; sourceTree = "<group>"; };
		473651731DD3584C00397969 /* JH_UserLoginApi.m */ = {isa = PBXFileReference; fileEncoding = 4; lastKnownFileType = sourcecode.c.objc; path = JH_UserLoginApi.m; sourceTree = "<group>"; };
		473651751DD35B0100397969 /* API.h */ = {isa = PBXFileReference; lastKnownFileType = sourcecode.c.h; path = API.h; sourceTree = "<group>"; };
		474A32551E52A72F008FD632 /* JH_JSQBaseChatVC.h */ = {isa = PBXFileReference; fileEncoding = 4; lastKnownFileType = sourcecode.c.h; path = JH_JSQBaseChatVC.h; sourceTree = "<group>"; };
		474A32561E52A72F008FD632 /* JH_JSQBaseChatVC.m */ = {isa = PBXFileReference; fileEncoding = 4; lastKnownFileType = sourcecode.c.objc; path = JH_JSQBaseChatVC.m; sourceTree = "<group>"; };
		474A32581E52A7B5008FD632 /* JH_JSQBaseChatModel.h */ = {isa = PBXFileReference; fileEncoding = 4; lastKnownFileType = sourcecode.c.h; path = JH_JSQBaseChatModel.h; sourceTree = "<group>"; };
		474A32591E52A7B5008FD632 /* JH_JSQBaseChatModel.m */ = {isa = PBXFileReference; fileEncoding = 4; lastKnownFileType = sourcecode.c.objc; path = JH_JSQBaseChatModel.m; sourceTree = "<group>"; };
		474A325F1E52A9F0008FD632 /* LPActionSheet.h */ = {isa = PBXFileReference; fileEncoding = 4; lastKnownFileType = sourcecode.c.h; path = LPActionSheet.h; sourceTree = "<group>"; };
		474A32601E52A9F0008FD632 /* LPActionSheet.m */ = {isa = PBXFileReference; fileEncoding = 4; lastKnownFileType = sourcecode.c.objc; path = LPActionSheet.m; sourceTree = "<group>"; };
		474A32621E52DFDF008FD632 /* JH_ChatSendMessageView.h */ = {isa = PBXFileReference; fileEncoding = 4; lastKnownFileType = sourcecode.c.h; path = JH_ChatSendMessageView.h; sourceTree = "<group>"; };
		474A32631E52DFDF008FD632 /* JH_ChatSendMessageView.m */ = {isa = PBXFileReference; fileEncoding = 4; lastKnownFileType = sourcecode.c.objc; path = JH_ChatSendMessageView.m; sourceTree = "<group>"; };
		474A32651E52F552008FD632 /* UIView+UIViewController.h */ = {isa = PBXFileReference; fileEncoding = 4; lastKnownFileType = sourcecode.c.h; path = "UIView+UIViewController.h"; sourceTree = "<group>"; };
		474A32661E52F552008FD632 /* UIView+UIViewController.m */ = {isa = PBXFileReference; fileEncoding = 4; lastKnownFileType = sourcecode.c.objc; path = "UIView+UIViewController.m"; sourceTree = "<group>"; };
		476BE2C31E56C9C900D41377 /* UserInfoManager.h */ = {isa = PBXFileReference; fileEncoding = 4; lastKnownFileType = sourcecode.c.h; path = UserInfoManager.h; sourceTree = "<group>"; };
		476BE2C41E56C9C900D41377 /* UserInfoManager.m */ = {isa = PBXFileReference; fileEncoding = 4; lastKnownFileType = sourcecode.c.objc; path = UserInfoManager.m; sourceTree = "<group>"; };
		478F69531DC8AFDC001E9569 /* ThemeViews.h */ = {isa = PBXFileReference; lastKnownFileType = sourcecode.c.h; path = ThemeViews.h; sourceTree = "<group>"; };
		478F69541DC8BBCC001E9569 /* JHSquareVC.h */ = {isa = PBXFileReference; fileEncoding = 4; lastKnownFileType = sourcecode.c.h; path = JHSquareVC.h; sourceTree = "<group>"; };
		478F69551DC8BBCC001E9569 /* JHSquareVC.m */ = {isa = PBXFileReference; fileEncoding = 4; lastKnownFileType = sourcecode.c.objc; path = JHSquareVC.m; sourceTree = "<group>"; };
		478F69571DC8BBE2001E9569 /* JHNoteVC.h */ = {isa = PBXFileReference; fileEncoding = 4; lastKnownFileType = sourcecode.c.h; path = JHNoteVC.h; sourceTree = "<group>"; };
		478F69581DC8BBE2001E9569 /* JHNoteVC.m */ = {isa = PBXFileReference; fileEncoding = 4; lastKnownFileType = sourcecode.c.objc; path = JHNoteVC.m; sourceTree = "<group>"; };
		478F695A1DC8BBF3001E9569 /* JHFriendsVC.h */ = {isa = PBXFileReference; fileEncoding = 4; lastKnownFileType = sourcecode.c.h; path = JHFriendsVC.h; sourceTree = "<group>"; };
		478F695B1DC8BBF3001E9569 /* JHFriendsVC.m */ = {isa = PBXFileReference; fileEncoding = 4; lastKnownFileType = sourcecode.c.objc; path = JHFriendsVC.m; sourceTree = "<group>"; };
		478F695D1DC8BC1E001E9569 /* JHChildFriendsVC.h */ = {isa = PBXFileReference; fileEncoding = 4; lastKnownFileType = sourcecode.c.h; path = JHChildFriendsVC.h; sourceTree = "<group>"; };
		478F695E1DC8BC1E001E9569 /* JHChildFriendsVC.m */ = {isa = PBXFileReference; fileEncoding = 4; lastKnownFileType = sourcecode.c.objc; path = JHChildFriendsVC.m; sourceTree = "<group>"; };
		478F69601DC8BC32001E9569 /* JHChildMessageVC.h */ = {isa = PBXFileReference; fileEncoding = 4; lastKnownFileType = sourcecode.c.h; path = JHChildMessageVC.h; sourceTree = "<group>"; };
		478F69611DC8BC32001E9569 /* JHChildMessageVC.m */ = {isa = PBXFileReference; fileEncoding = 4; lastKnownFileType = sourcecode.c.objc; path = JHChildMessageVC.m; sourceTree = "<group>"; };
		478F69631DC8BC5D001E9569 /* PodHeader.h */ = {isa = PBXFileReference; lastKnownFileType = sourcecode.c.h; path = PodHeader.h; sourceTree = "<group>"; };
		478F69641DC8BF4D001E9569 /* JHBaseRootVC.h */ = {isa = PBXFileReference; fileEncoding = 4; lastKnownFileType = sourcecode.c.h; path = JHBaseRootVC.h; sourceTree = "<group>"; };
		478F69651DC8BF4D001E9569 /* JHBaseRootVC.m */ = {isa = PBXFileReference; fileEncoding = 4; lastKnownFileType = sourcecode.c.objc; path = JHBaseRootVC.m; sourceTree = "<group>"; };
		478F69671DC8C0B3001E9569 /* JHSlideView.h */ = {isa = PBXFileReference; fileEncoding = 4; lastKnownFileType = sourcecode.c.h; path = JHSlideView.h; sourceTree = "<group>"; };
		478F69681DC8C0B3001E9569 /* JHSlideView.m */ = {isa = PBXFileReference; fileEncoding = 4; lastKnownFileType = sourcecode.c.objc; path = JHSlideView.m; sourceTree = "<group>"; };
		478F696A1DC8D01C001E9569 /* Notification.h */ = {isa = PBXFileReference; lastKnownFileType = sourcecode.c.h; path = Notification.h; sourceTree = "<group>"; };
		47A56B511E53FA2E00A86F34 /* CoreData.framework */ = {isa = PBXFileReference; lastKnownFileType = wrapper.framework; name = CoreData.framework; path = System/Library/Frameworks/CoreData.framework; sourceTree = SDKROOT; };
		47A56B541E53FAAA00A86F34 /* JH_ChatCoreData.xcdatamodel */ = {isa = PBXFileReference; lastKnownFileType = wrapper.xcdatamodel; path = JH_ChatCoreData.xcdatamodel; sourceTree = "<group>"; };
		47A56B821E54027500A86F34 /* M_RecentMessage+CoreDataClass.h */ = {isa = PBXFileReference; fileEncoding = 4; lastKnownFileType = sourcecode.c.h; path = "M_RecentMessage+CoreDataClass.h"; sourceTree = "<group>"; };
		47A56B831E54027500A86F34 /* M_RecentMessage+CoreDataClass.m */ = {isa = PBXFileReference; fileEncoding = 4; lastKnownFileType = sourcecode.c.objc; path = "M_RecentMessage+CoreDataClass.m"; sourceTree = "<group>"; };
		47A56B841E54027500A86F34 /* M_RecentMessage+CoreDataProperties.h */ = {isa = PBXFileReference; fileEncoding = 4; lastKnownFileType = sourcecode.c.h; path = "M_RecentMessage+CoreDataProperties.h"; sourceTree = "<group>"; };
		47A56B851E54027500A86F34 /* M_RecentMessage+CoreDataProperties.m */ = {isa = PBXFileReference; fileEncoding = 4; lastKnownFileType = sourcecode.c.objc; path = "M_RecentMessage+CoreDataProperties.m"; sourceTree = "<group>"; };
		47A56B8C1E5404CE00A86F34 /* JH_ChatMessageManager.h */ = {isa = PBXFileReference; fileEncoding = 4; lastKnownFileType = sourcecode.c.h; path = JH_ChatMessageManager.h; sourceTree = "<group>"; };
		47A56B8D1E5404CE00A86F34 /* JH_ChatMessageManager.m */ = {isa = PBXFileReference; fileEncoding = 4; lastKnownFileType = sourcecode.c.objc; path = JH_ChatMessageManager.m; sourceTree = "<group>"; };
		47A56B8F1E5407E000A86F34 /* JH_ChatMessageHelper.h */ = {isa = PBXFileReference; fileEncoding = 4; lastKnownFileType = sourcecode.c.h; path = JH_ChatMessageHelper.h; sourceTree = "<group>"; };
		47A56B901E5407E000A86F34 /* JH_ChatMessageHelper.m */ = {isa = PBXFileReference; fileEncoding = 4; lastKnownFileType = sourcecode.c.objc; path = JH_ChatMessageHelper.m; sourceTree = "<group>"; };
		47A56B921E542F9E00A86F34 /* M_UserInfo+CoreDataClass.h */ = {isa = PBXFileReference; fileEncoding = 4; lastKnownFileType = sourcecode.c.h; path = "M_UserInfo+CoreDataClass.h"; sourceTree = "<group>"; };
		47A56B931E542F9E00A86F34 /* M_UserInfo+CoreDataClass.m */ = {isa = PBXFileReference; fileEncoding = 4; lastKnownFileType = sourcecode.c.objc; path = "M_UserInfo+CoreDataClass.m"; sourceTree = "<group>"; };
		47A56B941E542F9E00A86F34 /* M_UserInfo+CoreDataProperties.h */ = {isa = PBXFileReference; fileEncoding = 4; lastKnownFileType = sourcecode.c.h; path = "M_UserInfo+CoreDataProperties.h"; sourceTree = "<group>"; };
		47A56B951E542F9E00A86F34 /* M_UserInfo+CoreDataProperties.m */ = {isa = PBXFileReference; fileEncoding = 4; lastKnownFileType = sourcecode.c.objc; path = "M_UserInfo+CoreDataProperties.m"; sourceTree = "<group>"; };
		47AF3B111E5450BC0018DA66 /* NSString+ChangeTime.h */ = {isa = PBXFileReference; fileEncoding = 4; lastKnownFileType = sourcecode.c.h; path = "NSString+ChangeTime.h"; sourceTree = "<group>"; };
		47AF3B121E5450BC0018DA66 /* NSString+ChangeTime.m */ = {isa = PBXFileReference; fileEncoding = 4; lastKnownFileType = sourcecode.c.objc; path = "NSString+ChangeTime.m"; sourceTree = "<group>"; };
		47B830151DC44AB500969523 /* note_ios_app.app */ = {isa = PBXFileReference; explicitFileType = wrapper.application; includeInIndex = 0; path = note_ios_app.app; sourceTree = BUILT_PRODUCTS_DIR; };
		47B830191DC44AB500969523 /* main.m */ = {isa = PBXFileReference; lastKnownFileType = sourcecode.c.objc; path = main.m; sourceTree = "<group>"; };
		47B8301B1DC44AB500969523 /* AppDelegate.h */ = {isa = PBXFileReference; lastKnownFileType = sourcecode.c.h; name = AppDelegate.h; path = ../AppDelegate.h; sourceTree = "<group>"; };
		47B8301C1DC44AB500969523 /* AppDelegate.m */ = {isa = PBXFileReference; lastKnownFileType = sourcecode.c.objc; name = AppDelegate.m; path = ../AppDelegate.m; sourceTree = "<group>"; };
		47B830241DC44AB500969523 /* Assets.xcassets */ = {isa = PBXFileReference; lastKnownFileType = folder.assetcatalog; path = Assets.xcassets; sourceTree = "<group>"; };
		47B830271DC44AB500969523 /* Base */ = {isa = PBXFileReference; lastKnownFileType = file.storyboard; name = Base; path = Base.lproj/LaunchScreen.storyboard; sourceTree = "<group>"; };
		47B830291DC44AB500969523 /* Info.plist */ = {isa = PBXFileReference; lastKnownFileType = text.plist.xml; path = Info.plist; sourceTree = "<group>"; };
		47B8302E1DC44AB600969523 /* note_ios_appTests.xctest */ = {isa = PBXFileReference; explicitFileType = wrapper.cfbundle; includeInIndex = 0; path = note_ios_appTests.xctest; sourceTree = BUILT_PRODUCTS_DIR; };
		47B830321DC44AB600969523 /* note_ios_appTests.m */ = {isa = PBXFileReference; lastKnownFileType = sourcecode.c.objc; path = note_ios_appTests.m; sourceTree = "<group>"; };
		47B830341DC44AB600969523 /* Info.plist */ = {isa = PBXFileReference; lastKnownFileType = text.plist.xml; path = Info.plist; sourceTree = "<group>"; };
		47B830391DC44AB600969523 /* note_ios_appUITests.xctest */ = {isa = PBXFileReference; explicitFileType = wrapper.cfbundle; includeInIndex = 0; path = note_ios_appUITests.xctest; sourceTree = BUILT_PRODUCTS_DIR; };
		47B8303D1DC44AB600969523 /* note_ios_appUITests.m */ = {isa = PBXFileReference; lastKnownFileType = sourcecode.c.objc; path = note_ios_appUITests.m; sourceTree = "<group>"; };
		47B8303F1DC44AB600969523 /* Info.plist */ = {isa = PBXFileReference; lastKnownFileType = text.plist.xml; path = Info.plist; sourceTree = "<group>"; };
		47B830531DC4509E00969523 /* AppDelegate+StartApp.h */ = {isa = PBXFileReference; fileEncoding = 4; lastKnownFileType = sourcecode.c.h; path = "AppDelegate+StartApp.h"; sourceTree = "<group>"; };
		47B830541DC4509E00969523 /* AppDelegate+StartApp.m */ = {isa = PBXFileReference; fileEncoding = 4; lastKnownFileType = sourcecode.c.objc; path = "AppDelegate+StartApp.m"; sourceTree = "<group>"; };
		47B830561DC4518B00969523 /* JHBaseTabBar.h */ = {isa = PBXFileReference; fileEncoding = 4; lastKnownFileType = sourcecode.c.h; path = JHBaseTabBar.h; sourceTree = "<group>"; };
		47B830571DC4518B00969523 /* JHBaseTabBar.m */ = {isa = PBXFileReference; fileEncoding = 4; lastKnownFileType = sourcecode.c.objc; path = JHBaseTabBar.m; sourceTree = "<group>"; };
		47B830591DC451AF00969523 /* JHBaseNav.h */ = {isa = PBXFileReference; fileEncoding = 4; lastKnownFileType = sourcecode.c.h; path = JHBaseNav.h; sourceTree = "<group>"; };
		47B8305A1DC451AF00969523 /* JHBaseNav.m */ = {isa = PBXFileReference; fileEncoding = 4; lastKnownFileType = sourcecode.c.objc; path = JHBaseNav.m; sourceTree = "<group>"; };
		47B8305C1DC451CA00969523 /* JHBaseViewController.h */ = {isa = PBXFileReference; fileEncoding = 4; lastKnownFileType = sourcecode.c.h; path = JHBaseViewController.h; sourceTree = "<group>"; };
		47B8305D1DC451CA00969523 /* JHBaseViewController.m */ = {isa = PBXFileReference; fileEncoding = 4; lastKnownFileType = sourcecode.c.objc; path = JHBaseViewController.m; sourceTree = "<group>"; };
		47B830631DC4529700969523 /* JHLoginVC.h */ = {isa = PBXFileReference; fileEncoding = 4; lastKnownFileType = sourcecode.c.h; path = JHLoginVC.h; sourceTree = "<group>"; };
		47B830641DC4529700969523 /* JHLoginVC.m */ = {isa = PBXFileReference; fileEncoding = 4; lastKnownFileType = sourcecode.c.objc; path = JHLoginVC.m; sourceTree = "<group>"; };
		47B830661DC46BD800969523 /* JHRegisterVC.h */ = {isa = PBXFileReference; fileEncoding = 4; lastKnownFileType = sourcecode.c.h; path = JHRegisterVC.h; sourceTree = "<group>"; };
		47B830671DC46BD800969523 /* JHRegisterVC.m */ = {isa = PBXFileReference; fileEncoding = 4; lastKnownFileType = sourcecode.c.objc; path = JHRegisterVC.m; sourceTree = "<group>"; };
		47D84DAE1E51464E009C6C2A /* JHChatFriendCell.h */ = {isa = PBXFileReference; fileEncoding = 4; lastKnownFileType = sourcecode.c.h; path = JHChatFriendCell.h; sourceTree = "<group>"; };
		47D84DAF1E51464E009C6C2A /* JHChatFriendCell.m */ = {isa = PBXFileReference; fileEncoding = 4; lastKnownFileType = sourcecode.c.objc; path = JHChatFriendCell.m; sourceTree = "<group>"; };
		47D84DB01E51464E009C6C2A /* JHChatFriendCell.xib */ = {isa = PBXFileReference; fileEncoding = 4; lastKnownFileType = file.xib; path = JHChatFriendCell.xib; sourceTree = "<group>"; };
		47D84DB61E5146A8009C6C2A /* JHChatFriendSectionModel.h */ = {isa = PBXFileReference; fileEncoding = 4; lastKnownFileType = sourcecode.c.h; path = JHChatFriendSectionModel.h; sourceTree = "<group>"; };
		47D84DB71E5146A8009C6C2A /* JHChatFriendSectionModel.m */ = {isa = PBXFileReference; fileEncoding = 4; lastKnownFileType = sourcecode.c.objc; path = JHChatFriendSectionModel.m; sourceTree = "<group>"; };
		47D84DB91E5146B6009C6C2A /* JHChatFriendRowModel.h */ = {isa = PBXFileReference; fileEncoding = 4; lastKnownFileType = sourcecode.c.h; path = JHChatFriendRowModel.h; sourceTree = "<group>"; };
		47D84DBA1E5146B6009C6C2A /* JHChatFriendRowModel.m */ = {isa = PBXFileReference; fileEncoding = 4; lastKnownFileType = sourcecode.c.objc; path = JHChatFriendRowModel.m; sourceTree = "<group>"; };
		47D84DBD1E514A8C009C6C2A /* p0.jpg */ = {isa = PBXFileReference; lastKnownFileType = image.jpeg; path = p0.jpg; sourceTree = "<group>"; };
		47D84DBF1E515523009C6C2A /* JHChatFriendViewModel.h */ = {isa = PBXFileReference; fileEncoding = 4; lastKnownFileType = sourcecode.c.h; path = JHChatFriendViewModel.h; sourceTree = "<group>"; };
		47D84DC01E515523009C6C2A /* JHChatFriendViewModel.m */ = {isa = PBXFileReference; fileEncoding = 4; lastKnownFileType = sourcecode.c.objc; path = JHChatFriendViewModel.m; sourceTree = "<group>"; };
		47D84DC21E516405009C6C2A /* JHChatFriendItem.h */ = {isa = PBXFileReference; fileEncoding = 4; lastKnownFileType = sourcecode.c.h; path = JHChatFriendItem.h; sourceTree = "<group>"; };
		47D84DC31E516405009C6C2A /* JHChatFriendItem.m */ = {isa = PBXFileReference; fileEncoding = 4; lastKnownFileType = sourcecode.c.objc; path = JHChatFriendItem.m; sourceTree = "<group>"; };
		47D84DC51E518011009C6C2A /* JHChatFriendGroupView.h */ = {isa = PBXFileReference; fileEncoding = 4; lastKnownFileType = sourcecode.c.h; path = JHChatFriendGroupView.h; sourceTree = "<group>"; };
		47D84DC61E518011009C6C2A /* JHChatFriendGroupView.m */ = {isa = PBXFileReference; fileEncoding = 4; lastKnownFileType = sourcecode.c.objc; path = JHChatFriendGroupView.m; sourceTree = "<group>"; };
		47D84DC81E519FCE009C6C2A /* JH_DIYsearchBar.h */ = {isa = PBXFileReference; fileEncoding = 4; lastKnownFileType = sourcecode.c.h; path = JH_DIYsearchBar.h; sourceTree = "<group>"; };
		47D84DC91E519FCE009C6C2A /* JH_DIYsearchBar.m */ = {isa = PBXFileReference; fileEncoding = 4; lastKnownFileType = sourcecode.c.objc; path = JH_DIYsearchBar.m; sourceTree = "<group>"; };
		47D84DCB1E51AB18009C6C2A /* JHChatMessageCell.h */ = {isa = PBXFileReference; fileEncoding = 4; lastKnownFileType = sourcecode.c.h; path = JHChatMessageCell.h; sourceTree = "<group>"; };
		47D84DCC1E51AB18009C6C2A /* JHChatMessageCell.m */ = {isa = PBXFileReference; fileEncoding = 4; lastKnownFileType = sourcecode.c.objc; path = JHChatMessageCell.m; sourceTree = "<group>"; };
		47D84DCD1E51AB18009C6C2A /* JHChatMessageCell.xib */ = {isa = PBXFileReference; fileEncoding = 4; lastKnownFileType = file.xib; path = JHChatMessageCell.xib; sourceTree = "<group>"; };
		47D84DD01E51AB4E009C6C2A /* JHChatMessageItem.h */ = {isa = PBXFileReference; fileEncoding = 4; lastKnownFileType = sourcecode.c.h; path = JHChatMessageItem.h; sourceTree = "<group>"; };
		47D84DD11E51AB4E009C6C2A /* JHChatMessageItem.m */ = {isa = PBXFileReference; fileEncoding = 4; lastKnownFileType = sourcecode.c.objc; path = JHChatMessageItem.m; sourceTree = "<group>"; };
		47D84DD31E51B25B009C6C2A /* JHChatMessageViewModel.h */ = {isa = PBXFileReference; fileEncoding = 4; lastKnownFileType = sourcecode.c.h; path = JHChatMessageViewModel.h; sourceTree = "<group>"; };
		47D84DD41E51B25B009C6C2A /* JHChatMessageViewModel.m */ = {isa = PBXFileReference; fileEncoding = 4; lastKnownFileType = sourcecode.c.objc; path = JHChatMessageViewModel.m; sourceTree = "<group>"; };
		47D84DD61E51B2FC009C6C2A /* JHChatMessageModel.h */ = {isa = PBXFileReference; fileEncoding = 4; lastKnownFileType = sourcecode.c.h; path = JHChatMessageModel.h; sourceTree = "<group>"; };
		47D84DD71E51B2FC009C6C2A /* JHChatMessageModel.m */ = {isa = PBXFileReference; fileEncoding = 4; lastKnownFileType = sourcecode.c.objc; path = JHChatMessageModel.m; sourceTree = "<group>"; };
		47EE67E71E535091008716E8 /* JH_ChatAudioView.h */ = {isa = PBXFileReference; fileEncoding = 4; lastKnownFileType = sourcecode.c.h; path = JH_ChatAudioView.h; sourceTree = "<group>"; };
		47EE67E81E535091008716E8 /* JH_ChatAudioView.m */ = {isa = PBXFileReference; fileEncoding = 4; lastKnownFileType = sourcecode.c.objc; path = JH_ChatAudioView.m; sourceTree = "<group>"; };
		47EE67EA1E535C02008716E8 /* AVFoundation.framework */ = {isa = PBXFileReference; lastKnownFileType = wrapper.framework; name = AVFoundation.framework; path = System/Library/Frameworks/AVFoundation.framework; sourceTree = SDKROOT; };
		47EE67ED1E535F28008716E8 /* lame.h */ = {isa = PBXFileReference; fileEncoding = 4; lastKnownFileType = sourcecode.c.h; path = lame.h; sourceTree = "<group>"; };
		47EE67EE1E535F28008716E8 /* libmp3lame.a */ = {isa = PBXFileReference; lastKnownFileType = archive.ar; path = libmp3lame.a; sourceTree = "<group>"; };
		47F1FD971DD9EA9A0096A1AF /* Common.h */ = {isa = PBXFileReference; lastKnownFileType = sourcecode.c.h; path = Common.h; sourceTree = "<group>"; };
		47F1FD991DD9EF060096A1AF /* JHBaseTextField.h */ = {isa = PBXFileReference; fileEncoding = 4; lastKnownFileType = sourcecode.c.h; path = JHBaseTextField.h; sourceTree = "<group>"; };
		47F1FD9A1DD9EF060096A1AF /* JHBaseTextField.m */ = {isa = PBXFileReference; fileEncoding = 4; lastKnownFileType = sourcecode.c.objc; path = JHBaseTextField.m; sourceTree = "<group>"; };
		47F1FD9C1DD9F06B0096A1AF /* JHBaseSubmitButton.h */ = {isa = PBXFileReference; fileEncoding = 4; lastKnownFileType = sourcecode.c.h; path = JHBaseSubmitButton.h; sourceTree = "<group>"; };
		47F1FD9D1DD9F06B0096A1AF /* JHBaseSubmitButton.m */ = {isa = PBXFileReference; fileEncoding = 4; lastKnownFileType = sourcecode.c.objc; path = JHBaseSubmitButton.m; sourceTree = "<group>"; };
		DBF618F96F45F01FD5E45D73 /* Pods-note_ios_app.debug.xcconfig */ = {isa = PBXFileReference; includeInIndex = 1; lastKnownFileType = text.xcconfig; name = "Pods-note_ios_app.debug.xcconfig"; path = "Pods/Target Support Files/Pods-note_ios_app/Pods-note_ios_app.debug.xcconfig"; sourceTree = "<group>"; };
		FA8AC8B80F125B5155B5CDFB /* libPods-note_ios_app.a */ = {isa = PBXFileReference; explicitFileType = archive.ar; includeInIndex = 0; path = "libPods-note_ios_app.a"; sourceTree = BUILT_PRODUCTS_DIR; };
/* End PBXFileReference section */

/* Begin PBXFrameworksBuildPhase section */
		47B830121DC44AB500969523 /* Frameworks */ = {
			isa = PBXFrameworksBuildPhase;
			buildActionMask = 2147483647;
			files = (
				47A56B521E53FA2E00A86F34 /* CoreData.framework in Frameworks */,
				47EE67EF1E535F28008716E8 /* libmp3lame.a in Frameworks */,
				47EE67EB1E535C02008716E8 /* AVFoundation.framework in Frameworks */,
				204C8CB78E1D2155D0D10050 /* libPods-note_ios_app.a in Frameworks */,
			);
			runOnlyForDeploymentPostprocessing = 0;
		};
		47B8302B1DC44AB500969523 /* Frameworks */ = {
			isa = PBXFrameworksBuildPhase;
			buildActionMask = 2147483647;
			files = (
			);
			runOnlyForDeploymentPostprocessing = 0;
		};
		47B830361DC44AB600969523 /* Frameworks */ = {
			isa = PBXFrameworksBuildPhase;
			buildActionMask = 2147483647;
			files = (
			);
			runOnlyForDeploymentPostprocessing = 0;
		};
/* End PBXFrameworksBuildPhase section */

/* Begin PBXGroup section */
		4720F72F1E559CFC0011D677 /* Tool */ = {
			isa = PBXGroup;
			children = (
				4720F7301E559D0C0011D677 /* JH_FileManager.h */,
				4720F7311E559D0C0011D677 /* JH_FileManager.m */,
			);
			path = Tool;
			sourceTree = "<group>";
		};
		473231A61DC46E6D00C890D0 /* Header */ = {
			isa = PBXGroup;
			children = (
				473231A81DC46EA700C890D0 /* Attribute.h */,
				478F69531DC8AFDC001E9569 /* ThemeViews.h */,
				478F69631DC8BC5D001E9569 /* PodHeader.h */,
				478F696A1DC8D01C001E9569 /* Notification.h */,
				473651751DD35B0100397969 /* API.h */,
				47F1FD971DD9EA9A0096A1AF /* Common.h */,
			);
			path = Header;
			sourceTree = "<group>";
		};
		473231A71DC46E6D00C890D0 /* Theme */ = {
			isa = PBXGroup;
			children = (
				473231AA1DC47AFD00C890D0 /* ThemeButton.h */,
				473231AB1DC47AFD00C890D0 /* ThemeButton.m */,
				473231AD1DC47B1800C890D0 /* ThemeLabel.h */,
				473231AE1DC47B1800C890D0 /* ThemeLabel.m */,
			);
			path = Theme;
			sourceTree = "<group>";
		};
		4736516B1DD3571B00397969 /* NetWork */ = {
			isa = PBXGroup;
			children = (
				4736516F1DD357A800397969 /* JHBaseRequest.h */,
				473651701DD357A800397969 /* JHBaseRequest.m */,
				473651721DD3584C00397969 /* JH_UserLoginApi.h */,
				473651731DD3584C00397969 /* JH_UserLoginApi.m */,
			);
			path = NetWork;
			sourceTree = "<group>";
		};
		47A56B1D1E53EB3000A86F34 /* CoreData&SQL */ = {
			isa = PBXGroup;
			children = (
				4720F7291E5585AB0011D677 /* M_MessageList+CoreDataClass.h */,
				4720F72A1E5585AB0011D677 /* M_MessageList+CoreDataClass.m */,
				4720F72B1E5585AB0011D677 /* M_MessageList+CoreDataProperties.h */,
				4720F72C1E5585AB0011D677 /* M_MessageList+CoreDataProperties.m */,
				47A56B921E542F9E00A86F34 /* M_UserInfo+CoreDataClass.h */,
				47A56B931E542F9E00A86F34 /* M_UserInfo+CoreDataClass.m */,
				47A56B941E542F9E00A86F34 /* M_UserInfo+CoreDataProperties.h */,
				47A56B951E542F9E00A86F34 /* M_UserInfo+CoreDataProperties.m */,
				47A56B821E54027500A86F34 /* M_RecentMessage+CoreDataClass.h */,
				47A56B831E54027500A86F34 /* M_RecentMessage+CoreDataClass.m */,
				47A56B841E54027500A86F34 /* M_RecentMessage+CoreDataProperties.h */,
				47A56B851E54027500A86F34 /* M_RecentMessage+CoreDataProperties.m */,
				47A56B531E53FAAA00A86F34 /* JH_ChatCoreData.xcdatamodeld */,
				47A56B8C1E5404CE00A86F34 /* JH_ChatMessageManager.h */,
				47A56B8D1E5404CE00A86F34 /* JH_ChatMessageManager.m */,
				47A56B8F1E5407E000A86F34 /* JH_ChatMessageHelper.h */,
				47A56B901E5407E000A86F34 /* JH_ChatMessageHelper.m */,
			);
			path = "CoreData&SQL";
			sourceTree = "<group>";
		};
		47B8300C1DC44AB500969523 = {
			isa = PBXGroup;
			children = (
				47B830171DC44AB500969523 /* note_ios_app */,
				47B830311DC44AB600969523 /* note_ios_appTests */,
				47B8303C1DC44AB600969523 /* note_ios_appUITests */,
				47B830161DC44AB500969523 /* Products */,
				49934861833C8E4C41D3C203 /* Pods */,
				6FCFEBCB6FE19F8F1A9F521D /* Frameworks */,
			);
			sourceTree = "<group>";
		};
		47B830161DC44AB500969523 /* Products */ = {
			isa = PBXGroup;
			children = (
				47B830151DC44AB500969523 /* note_ios_app.app */,
				47B8302E1DC44AB600969523 /* note_ios_appTests.xctest */,
				47B830391DC44AB600969523 /* note_ios_appUITests.xctest */,
			);
			name = Products;
			sourceTree = "<group>";
		};
		47B830171DC44AB500969523 /* note_ios_app */ = {
			isa = PBXGroup;
			children = (
				4736516B1DD3571B00397969 /* NetWork */,
				47B8304B1DC4504600969523 /* User */,
				47B8304C1DC4504600969523 /* Image */,
				47B8304D1DC4504600969523 /* Framework */,
				47A56B1D1E53EB3000A86F34 /* CoreData&SQL */,
				47B8304E1DC4504600969523 /* Base */,
				47B8304F1DC4504600969523 /* Category */,
				47B830501DC4504600969523 /* Utils */,
				47B830511DC4504600969523 /* Main */,
				47D84DAB1E514455009C6C2A /* View */,
				47D84DAD1E5145F3009C6C2A /* ViewModel */,
				47D84DAC1E514455009C6C2A /* Model */,
				47B830521DC4504600969523 /* APPDelegate */,
				47B830241DC44AB500969523 /* Assets.xcassets */,
				47B830261DC44AB500969523 /* LaunchScreen.storyboard */,
				47B830291DC44AB500969523 /* Info.plist */,
				47B830181DC44AB500969523 /* Supporting Files */,
				473231A91DC4758400C890D0 /* JH_NOTE_PCH.pch */,
			);
			path = note_ios_app;
			sourceTree = "<group>";
		};
		47B830181DC44AB500969523 /* Supporting Files */ = {
			isa = PBXGroup;
			children = (
				47D84DBC1E514A80009C6C2A /* Image */,
				47B830191DC44AB500969523 /* main.m */,
			);
			name = "Supporting Files";
			sourceTree = "<group>";
		};
		47B830311DC44AB600969523 /* note_ios_appTests */ = {
			isa = PBXGroup;
			children = (
				47B830321DC44AB600969523 /* note_ios_appTests.m */,
				47B830341DC44AB600969523 /* Info.plist */,
			);
			path = note_ios_appTests;
			sourceTree = "<group>";
		};
		47B8303C1DC44AB600969523 /* note_ios_appUITests */ = {
			isa = PBXGroup;
			children = (
				47B8303D1DC44AB600969523 /* note_ios_appUITests.m */,
				47B8303F1DC44AB600969523 /* Info.plist */,
			);
			path = note_ios_appUITests;
			sourceTree = "<group>";
		};
		47B8304B1DC4504600969523 /* User */ = {
			isa = PBXGroup;
			children = (
				476BE2C31E56C9C900D41377 /* UserInfoManager.h */,
				476BE2C41E56C9C900D41377 /* UserInfoManager.m */,
			);
			path = User;
			sourceTree = "<group>";
		};
		47B8304C1DC4504600969523 /* Image */ = {
			isa = PBXGroup;
			children = (
			);
			path = Image;
			sourceTree = "<group>";
		};
		47B8304D1DC4504600969523 /* Framework */ = {
			isa = PBXGroup;
			children = (
				47EE67EC1E535F28008716E8 /* lame */,
				474A325F1E52A9F0008FD632 /* LPActionSheet.h */,
				474A32601E52A9F0008FD632 /* LPActionSheet.m */,
			);
			path = Framework;
			sourceTree = "<group>";
		};
		47B8304E1DC4504600969523 /* Base */ = {
			isa = PBXGroup;
			children = (
				47B830561DC4518B00969523 /* JHBaseTabBar.h */,
				47B830571DC4518B00969523 /* JHBaseTabBar.m */,
				47B830591DC451AF00969523 /* JHBaseNav.h */,
				47B8305A1DC451AF00969523 /* JHBaseNav.m */,
				47B8305C1DC451CA00969523 /* JHBaseViewController.h */,
				47B8305D1DC451CA00969523 /* JHBaseViewController.m */,
				478F69641DC8BF4D001E9569 /* JHBaseRootVC.h */,
				478F69651DC8BF4D001E9569 /* JHBaseRootVC.m */,
				478F69671DC8C0B3001E9569 /* JHSlideView.h */,
				478F69681DC8C0B3001E9569 /* JHSlideView.m */,
				47F1FD981DD9EEBD0096A1AF /* CommonView */,
			);
			path = Base;
			sourceTree = "<group>";
		};
		47B8304F1DC4504600969523 /* Category */ = {
			isa = PBXGroup;
			children = (
				47AF3B111E5450BC0018DA66 /* NSString+ChangeTime.h */,
				47AF3B121E5450BC0018DA66 /* NSString+ChangeTime.m */,
				474A32651E52F552008FD632 /* UIView+UIViewController.h */,
				474A32661E52F552008FD632 /* UIView+UIViewController.m */,
			);
			path = Category;
			sourceTree = "<group>";
		};
		47B830501DC4504600969523 /* Utils */ = {
			isa = PBXGroup;
			children = (
				4720F72F1E559CFC0011D677 /* Tool */,
				473231A61DC46E6D00C890D0 /* Header */,
				473231A71DC46E6D00C890D0 /* Theme */,
			);
			path = Utils;
			sourceTree = "<group>";
		};
		47B830511DC4504600969523 /* Main */ = {
			isa = PBXGroup;
			children = (
				47B8305F1DC4525000969523 /* Login */,
				47B830601DC4525000969523 /* Square */,
				47B830611DC4525000969523 /* Notes */,
				47B830621DC4525000969523 /* Friends */,
			);
			path = Main;
			sourceTree = "<group>";
		};
		47B830521DC4504600969523 /* APPDelegate */ = {
			isa = PBXGroup;
			children = (
				47B8301B1DC44AB500969523 /* AppDelegate.h */,
				47B8301C1DC44AB500969523 /* AppDelegate.m */,
				47B830531DC4509E00969523 /* AppDelegate+StartApp.h */,
				47B830541DC4509E00969523 /* AppDelegate+StartApp.m */,
			);
			path = APPDelegate;
			sourceTree = "<group>";
		};
		47B8305F1DC4525000969523 /* Login */ = {
			isa = PBXGroup;
			children = (
				47B830631DC4529700969523 /* JHLoginVC.h */,
				47B830641DC4529700969523 /* JHLoginVC.m */,
				47B830661DC46BD800969523 /* JHRegisterVC.h */,
				47B830671DC46BD800969523 /* JHRegisterVC.m */,
			);
			path = Login;
			sourceTree = "<group>";
		};
		47B830601DC4525000969523 /* Square */ = {
			isa = PBXGroup;
			children = (
				478F69541DC8BBCC001E9569 /* JHSquareVC.h */,
				478F69551DC8BBCC001E9569 /* JHSquareVC.m */,
			);
			path = Square;
			sourceTree = "<group>";
		};
		47B830611DC4525000969523 /* Notes */ = {
			isa = PBXGroup;
			children = (
				478F69571DC8BBE2001E9569 /* JHNoteVC.h */,
				478F69581DC8BBE2001E9569 /* JHNoteVC.m */,
			);
			path = Notes;
			sourceTree = "<group>";
		};
		47B830621DC4525000969523 /* Friends */ = {
			isa = PBXGroup;
			children = (
				478F695A1DC8BBF3001E9569 /* JHFriendsVC.h */,
				478F695B1DC8BBF3001E9569 /* JHFriendsVC.m */,
				478F695D1DC8BC1E001E9569 /* JHChildFriendsVC.h */,
				478F695E1DC8BC1E001E9569 /* JHChildFriendsVC.m */,
				478F69601DC8BC32001E9569 /* JHChildMessageVC.h */,
				478F69611DC8BC32001E9569 /* JHChildMessageVC.m */,
				474A32551E52A72F008FD632 /* JH_JSQBaseChatVC.h */,
				474A32561E52A72F008FD632 /* JH_JSQBaseChatVC.m */,
			);
			path = Friends;
			sourceTree = "<group>";
		};
		47D84DAB1E514455009C6C2A /* View */ = {
			isa = PBXGroup;
			children = (
				47EE67E51E535045008716E8 /* Friend */,
			);
			path = View;
			sourceTree = "<group>";
		};
		47D84DAC1E514455009C6C2A /* Model */ = {
			isa = PBXGroup;
			children = (
				47EE67E61E535065008716E8 /* Friend */,
			);
			path = Model;
			sourceTree = "<group>";
		};
		47D84DAD1E5145F3009C6C2A /* ViewModel */ = {
			isa = PBXGroup;
			children = (
				47D84DBF1E515523009C6C2A /* JHChatFriendViewModel.h */,
				47D84DC01E515523009C6C2A /* JHChatFriendViewModel.m */,
				47D84DD31E51B25B009C6C2A /* JHChatMessageViewModel.h */,
				47D84DD41E51B25B009C6C2A /* JHChatMessageViewModel.m */,
			);
			path = ViewModel;
			sourceTree = "<group>";
		};
		47D84DBC1E514A80009C6C2A /* Image */ = {
			isa = PBXGroup;
			children = (
				47D84DBD1E514A8C009C6C2A /* p0.jpg */,
			);
			name = Image;
			sourceTree = "<group>";
		};
		47EE67E51E535045008716E8 /* Friend */ = {
			isa = PBXGroup;
			children = (
				47D84DAE1E51464E009C6C2A /* JHChatFriendCell.h */,
				47D84DAF1E51464E009C6C2A /* JHChatFriendCell.m */,
				47D84DB01E51464E009C6C2A /* JHChatFriendCell.xib */,
				47D84DC21E516405009C6C2A /* JHChatFriendItem.h */,
				47D84DC31E516405009C6C2A /* JHChatFriendItem.m */,
				47D84DC51E518011009C6C2A /* JHChatFriendGroupView.h */,
				47D84DC61E518011009C6C2A /* JHChatFriendGroupView.m */,
				47D84DCB1E51AB18009C6C2A /* JHChatMessageCell.h */,
				47D84DCC1E51AB18009C6C2A /* JHChatMessageCell.m */,
				47D84DCD1E51AB18009C6C2A /* JHChatMessageCell.xib */,
				47D84DD01E51AB4E009C6C2A /* JHChatMessageItem.h */,
				47D84DD11E51AB4E009C6C2A /* JHChatMessageItem.m */,
				474A32621E52DFDF008FD632 /* JH_ChatSendMessageView.h */,
				474A32631E52DFDF008FD632 /* JH_ChatSendMessageView.m */,
				47EE67E71E535091008716E8 /* JH_ChatAudioView.h */,
				47EE67E81E535091008716E8 /* JH_ChatAudioView.m */,
			);
			name = Friend;
			sourceTree = "<group>";
		};
		47EE67E61E535065008716E8 /* Friend */ = {
			isa = PBXGroup;
			children = (
				47D84DB61E5146A8009C6C2A /* JHChatFriendSectionModel.h */,
				47D84DB71E5146A8009C6C2A /* JHChatFriendSectionModel.m */,
				47D84DB91E5146B6009C6C2A /* JHChatFriendRowModel.h */,
				47D84DBA1E5146B6009C6C2A /* JHChatFriendRowModel.m */,
				47D84DD61E51B2FC009C6C2A /* JHChatMessageModel.h */,
				47D84DD71E51B2FC009C6C2A /* JHChatMessageModel.m */,
				474A32581E52A7B5008FD632 /* JH_JSQBaseChatModel.h */,
				474A32591E52A7B5008FD632 /* JH_JSQBaseChatModel.m */,
			);
			name = Friend;
			sourceTree = "<group>";
		};
		47EE67EC1E535F28008716E8 /* lame */ = {
			isa = PBXGroup;
			children = (
				47EE67ED1E535F28008716E8 /* lame.h */,
				47EE67EE1E535F28008716E8 /* libmp3lame.a */,
			);
			path = lame;
			sourceTree = "<group>";
		};
		47F1FD981DD9EEBD0096A1AF /* CommonView */ = {
			isa = PBXGroup;
			children = (
				47D84DC81E519FCE009C6C2A /* JH_DIYsearchBar.h */,
				47D84DC91E519FCE009C6C2A /* JH_DIYsearchBar.m */,
				47F1FD991DD9EF060096A1AF /* JHBaseTextField.h */,
				47F1FD9A1DD9EF060096A1AF /* JHBaseTextField.m */,
				47F1FD9C1DD9F06B0096A1AF /* JHBaseSubmitButton.h */,
				47F1FD9D1DD9F06B0096A1AF /* JHBaseSubmitButton.m */,
			);
			path = CommonView;
			sourceTree = "<group>";
		};
		49934861833C8E4C41D3C203 /* Pods */ = {
			isa = PBXGroup;
			children = (
				DBF618F96F45F01FD5E45D73 /* Pods-note_ios_app.debug.xcconfig */,
				15E36BA90E8BB2D324FD635F /* Pods-note_ios_app.release.xcconfig */,
			);
			name = Pods;
			sourceTree = "<group>";
		};
		6FCFEBCB6FE19F8F1A9F521D /* Frameworks */ = {
			isa = PBXGroup;
			children = (
				47A56B511E53FA2E00A86F34 /* CoreData.framework */,
				47EE67EA1E535C02008716E8 /* AVFoundation.framework */,
				FA8AC8B80F125B5155B5CDFB /* libPods-note_ios_app.a */,
			);
			name = Frameworks;
			sourceTree = "<group>";
		};
/* End PBXGroup section */

/* Begin PBXNativeTarget section */
		47B830141DC44AB500969523 /* note_ios_app */ = {
			isa = PBXNativeTarget;
			buildConfigurationList = 47B830421DC44AB600969523 /* Build configuration list for PBXNativeTarget "note_ios_app" */;
			buildPhases = (
				5CC59614DEEEDB4C8552187F /* [CP] Check Pods Manifest.lock */,
				47B830111DC44AB500969523 /* Sources */,
				47B830121DC44AB500969523 /* Frameworks */,
				47B830131DC44AB500969523 /* Resources */,
				B332B52EBC681D7D4E3066DD /* [CP] Embed Pods Frameworks */,
				EC46294AFE7A1082C8168518 /* [CP] Copy Pods Resources */,
			);
			buildRules = (
			);
			dependencies = (
			);
			name = note_ios_app;
			productName = note_ios_app;
			productReference = 47B830151DC44AB500969523 /* note_ios_app.app */;
			productType = "com.apple.product-type.application";
		};
		47B8302D1DC44AB500969523 /* note_ios_appTests */ = {
			isa = PBXNativeTarget;
			buildConfigurationList = 47B830451DC44AB600969523 /* Build configuration list for PBXNativeTarget "note_ios_appTests" */;
			buildPhases = (
				47B8302A1DC44AB500969523 /* Sources */,
				47B8302B1DC44AB500969523 /* Frameworks */,
				47B8302C1DC44AB500969523 /* Resources */,
			);
			buildRules = (
			);
			dependencies = (
				47B830301DC44AB600969523 /* PBXTargetDependency */,
			);
			name = note_ios_appTests;
			productName = note_ios_appTests;
			productReference = 47B8302E1DC44AB600969523 /* note_ios_appTests.xctest */;
			productType = "com.apple.product-type.bundle.unit-test";
		};
		47B830381DC44AB600969523 /* note_ios_appUITests */ = {
			isa = PBXNativeTarget;
			buildConfigurationList = 47B830481DC44AB600969523 /* Build configuration list for PBXNativeTarget "note_ios_appUITests" */;
			buildPhases = (
				47B830351DC44AB600969523 /* Sources */,
				47B830361DC44AB600969523 /* Frameworks */,
				47B830371DC44AB600969523 /* Resources */,
			);
			buildRules = (
			);
			dependencies = (
				47B8303B1DC44AB600969523 /* PBXTargetDependency */,
			);
			name = note_ios_appUITests;
			productName = note_ios_appUITests;
			productReference = 47B830391DC44AB600969523 /* note_ios_appUITests.xctest */;
			productType = "com.apple.product-type.bundle.ui-testing";
		};
/* End PBXNativeTarget section */

/* Begin PBXProject section */
		47B8300D1DC44AB500969523 /* Project object */ = {
			isa = PBXProject;
			attributes = {
				LastUpgradeCheck = 0810;
				ORGANIZATIONNAME = "江弘";
				TargetAttributes = {
					47B830141DC44AB500969523 = {
						CreatedOnToolsVersion = 8.0;
						DevelopmentTeam = KATB9Z5ATZ;
						ProvisioningStyle = Automatic;
					};
					47B8302D1DC44AB500969523 = {
						CreatedOnToolsVersion = 8.0;
						DevelopmentTeam = KATB9Z5ATZ;
						ProvisioningStyle = Automatic;
						TestTargetID = 47B830141DC44AB500969523;
					};
					47B830381DC44AB600969523 = {
						CreatedOnToolsVersion = 8.0;
						DevelopmentTeam = KATB9Z5ATZ;
						ProvisioningStyle = Automatic;
						TestTargetID = 47B830141DC44AB500969523;
					};
				};
			};
			buildConfigurationList = 47B830101DC44AB500969523 /* Build configuration list for PBXProject "note_ios_app" */;
			compatibilityVersion = "Xcode 3.2";
			developmentRegion = English;
			hasScannedForEncodings = 0;
			knownRegions = (
				en,
				Base,
			);
			mainGroup = 47B8300C1DC44AB500969523;
			productRefGroup = 47B830161DC44AB500969523 /* Products */;
			projectDirPath = "";
			projectRoot = "";
			targets = (
				47B830141DC44AB500969523 /* note_ios_app */,
				47B8302D1DC44AB500969523 /* note_ios_appTests */,
				47B830381DC44AB600969523 /* note_ios_appUITests */,
			);
		};
/* End PBXProject section */

/* Begin PBXResourcesBuildPhase section */
		47B830131DC44AB500969523 /* Resources */ = {
			isa = PBXResourcesBuildPhase;
			buildActionMask = 2147483647;
			files = (
				47D84DCF1E51AB18009C6C2A /* JHChatMessageCell.xib in Resources */,
				47B830281DC44AB500969523 /* LaunchScreen.storyboard in Resources */,
				47D84DBE1E514A8C009C6C2A /* p0.jpg in Resources */,
				47B830251DC44AB500969523 /* Assets.xcassets in Resources */,
				47D84DB21E51464E009C6C2A /* JHChatFriendCell.xib in Resources */,
			);
			runOnlyForDeploymentPostprocessing = 0;
		};
		47B8302C1DC44AB500969523 /* Resources */ = {
			isa = PBXResourcesBuildPhase;
			buildActionMask = 2147483647;
			files = (
			);
			runOnlyForDeploymentPostprocessing = 0;
		};
		47B830371DC44AB600969523 /* Resources */ = {
			isa = PBXResourcesBuildPhase;
			buildActionMask = 2147483647;
			files = (
			);
			runOnlyForDeploymentPostprocessing = 0;
		};
/* End PBXResourcesBuildPhase section */

/* Begin PBXShellScriptBuildPhase section */
		5CC59614DEEEDB4C8552187F /* [CP] Check Pods Manifest.lock */ = {
			isa = PBXShellScriptBuildPhase;
			buildActionMask = 2147483647;
			files = (
			);
			inputPaths = (
			);
			name = "[CP] Check Pods Manifest.lock";
			outputPaths = (
			);
			runOnlyForDeploymentPostprocessing = 0;
			shellPath = /bin/sh;
			shellScript = "diff \"${PODS_ROOT}/../Podfile.lock\" \"${PODS_ROOT}/Manifest.lock\" > /dev/null\nif [ $? != 0 ] ; then\n    # print error to STDERR\n    echo \"error: The sandbox is not in sync with the Podfile.lock. Run 'pod install' or update your CocoaPods installation.\" >&2\n    exit 1\nfi\n";
			showEnvVarsInLog = 0;
		};
		B332B52EBC681D7D4E3066DD /* [CP] Embed Pods Frameworks */ = {
			isa = PBXShellScriptBuildPhase;
			buildActionMask = 2147483647;
			files = (
			);
			inputPaths = (
			);
			name = "[CP] Embed Pods Frameworks";
			outputPaths = (
			);
			runOnlyForDeploymentPostprocessing = 0;
			shellPath = /bin/sh;
			shellScript = "\"${SRCROOT}/Pods/Target Support Files/Pods-note_ios_app/Pods-note_ios_app-frameworks.sh\"\n";
			showEnvVarsInLog = 0;
		};
		EC46294AFE7A1082C8168518 /* [CP] Copy Pods Resources */ = {
			isa = PBXShellScriptBuildPhase;
			buildActionMask = 2147483647;
			files = (
			);
			inputPaths = (
			);
			name = "[CP] Copy Pods Resources";
			outputPaths = (
			);
			runOnlyForDeploymentPostprocessing = 0;
			shellPath = /bin/sh;
			shellScript = "\"${SRCROOT}/Pods/Target Support Files/Pods-note_ios_app/Pods-note_ios_app-resources.sh\"\n";
			showEnvVarsInLog = 0;
		};
/* End PBXShellScriptBuildPhase section */

/* Begin PBXSourcesBuildPhase section */
		47B830111DC44AB500969523 /* Sources */ = {
			isa = PBXSourcesBuildPhase;
			buildActionMask = 2147483647;
			files = (
				47B8301D1DC44AB500969523 /* AppDelegate.m in Sources */,
				474A32611E52A9F0008FD632 /* LPActionSheet.m in Sources */,
				476BE2C51E56C9C900D41377 /* UserInfoManager.m in Sources */,
				47D84DB11E51464E009C6C2A /* JHChatFriendCell.m in Sources */,
				47B830681DC46BD800969523 /* JHRegisterVC.m in Sources */,
				47F1FD9B1DD9EF060096A1AF /* JHBaseTextField.m in Sources */,
				47D84DB81E5146A8009C6C2A /* JHChatFriendSectionModel.m in Sources */,
				478F69691DC8C0B3001E9569 /* JHSlideView.m in Sources */,
				47D84DCA1E519FCE009C6C2A /* JH_DIYsearchBar.m in Sources */,
				47B830551DC4509E00969523 /* AppDelegate+StartApp.m in Sources */,
				478F69661DC8BF4D001E9569 /* JHBaseRootVC.m in Sources */,
				47B830651DC4529700969523 /* JHLoginVC.m in Sources */,
				47D84DBB1E5146B6009C6C2A /* JHChatFriendRowModel.m in Sources */,
				47D84DD51E51B25B009C6C2A /* JHChatMessageViewModel.m in Sources */,
				473231AC1DC47AFD00C890D0 /* ThemeButton.m in Sources */,
				47A56B911E5407E000A86F34 /* JH_ChatMessageHelper.m in Sources */,
				474A32641E52DFDF008FD632 /* JH_ChatSendMessageView.m in Sources */,
				473651741DD3584C00397969 /* JH_UserLoginApi.m in Sources */,
				47D84DCE1E51AB18009C6C2A /* JHChatMessageCell.m in Sources */,
				478F69621DC8BC32001E9569 /* JHChildMessageVC.m in Sources */,
				47AF3B131E5450BC0018DA66 /* NSString+ChangeTime.m in Sources */,
				47B830581DC4518B00969523 /* JHBaseTabBar.m in Sources */,
				474A325A1E52A7B5008FD632 /* JH_JSQBaseChatModel.m in Sources */,
				47A56B8E1E5404CE00A86F34 /* JH_ChatMessageManager.m in Sources */,
				47D84DD21E51AB4E009C6C2A /* JHChatMessageItem.m in Sources */,
				478F69561DC8BBCC001E9569 /* JHSquareVC.m in Sources */,
				473231AF1DC47B1800C890D0 /* ThemeLabel.m in Sources */,
				47EE67E91E535091008716E8 /* JH_ChatAudioView.m in Sources */,
				47F1FD9E1DD9F06B0096A1AF /* JHBaseSubmitButton.m in Sources */,
				47B8305B1DC451AF00969523 /* JHBaseNav.m in Sources */,
				478F695F1DC8BC1E001E9569 /* JHChildFriendsVC.m in Sources */,
				47D84DD81E51B2FC009C6C2A /* JHChatMessageModel.m in Sources */,
				47A56B551E53FAAA00A86F34 /* JH_ChatCoreData.xcdatamodeld in Sources */,
				474A32571E52A72F008FD632 /* JH_JSQBaseChatVC.m in Sources */,
				47B8301A1DC44AB500969523 /* main.m in Sources */,
				47D84DC41E516405009C6C2A /* JHChatFriendItem.m in Sources */,
				47D84DC11E515523009C6C2A /* JHChatFriendViewModel.m in Sources */,
				4720F7321E559D0C0011D677 /* JH_FileManager.m in Sources */,
				47D84DC71E518011009C6C2A /* JHChatFriendGroupView.m in Sources */,
				478F695C1DC8BBF3001E9569 /* JHFriendsVC.m in Sources */,
				474A32671E52F552008FD632 /* UIView+UIViewController.m in Sources */,
				478F69591DC8BBE2001E9569 /* JHNoteVC.m in Sources */,
				473651711DD357A800397969 /* JHBaseRequest.m in Sources */,
				47B8305E1DC451CA00969523 /* JHBaseViewController.m in Sources */,
			);
			runOnlyForDeploymentPostprocessing = 0;
		};
		47B8302A1DC44AB500969523 /* Sources */ = {
			isa = PBXSourcesBuildPhase;
			buildActionMask = 2147483647;
			files = (
				47B830331DC44AB600969523 /* note_ios_appTests.m in Sources */,
			);
			runOnlyForDeploymentPostprocessing = 0;
		};
		47B830351DC44AB600969523 /* Sources */ = {
			isa = PBXSourcesBuildPhase;
			buildActionMask = 2147483647;
			files = (
				47B8303E1DC44AB600969523 /* note_ios_appUITests.m in Sources */,
			);
			runOnlyForDeploymentPostprocessing = 0;
		};
/* End PBXSourcesBuildPhase section */

/* Begin PBXTargetDependency section */
		47B830301DC44AB600969523 /* PBXTargetDependency */ = {
			isa = PBXTargetDependency;
			target = 47B830141DC44AB500969523 /* note_ios_app */;
			targetProxy = 47B8302F1DC44AB600969523 /* PBXContainerItemProxy */;
		};
		47B8303B1DC44AB600969523 /* PBXTargetDependency */ = {
			isa = PBXTargetDependency;
			target = 47B830141DC44AB500969523 /* note_ios_app */;
			targetProxy = 47B8303A1DC44AB600969523 /* PBXContainerItemProxy */;
		};
/* End PBXTargetDependency section */

/* Begin PBXVariantGroup section */
		47B830261DC44AB500969523 /* LaunchScreen.storyboard */ = {
			isa = PBXVariantGroup;
			children = (
				47B830271DC44AB500969523 /* Base */,
			);
			name = LaunchScreen.storyboard;
			sourceTree = "<group>";
		};
/* End PBXVariantGroup section */

/* Begin XCBuildConfiguration section */
		47B830401DC44AB600969523 /* Debug */ = {
			isa = XCBuildConfiguration;
			buildSettings = {
				ALWAYS_SEARCH_USER_PATHS = NO;
				CLANG_ANALYZER_NONNULL = YES;
				CLANG_CXX_LANGUAGE_STANDARD = "gnu++0x";
				CLANG_CXX_LIBRARY = "libc++";
				CLANG_ENABLE_MODULES = YES;
				CLANG_ENABLE_OBJC_ARC = YES;
				CLANG_WARN_BOOL_CONVERSION = YES;
				CLANG_WARN_CONSTANT_CONVERSION = YES;
				CLANG_WARN_DIRECT_OBJC_ISA_USAGE = YES_ERROR;
				CLANG_WARN_DOCUMENTATION_COMMENTS = YES;
				CLANG_WARN_EMPTY_BODY = YES;
				CLANG_WARN_ENUM_CONVERSION = YES;
				CLANG_WARN_INFINITE_RECURSION = YES;
				CLANG_WARN_INT_CONVERSION = YES;
				CLANG_WARN_OBJC_ROOT_CLASS = YES_ERROR;
				CLANG_WARN_SUSPICIOUS_MOVE = YES;
				CLANG_WARN_SUSPICIOUS_MOVES = YES;
				CLANG_WARN_UNREACHABLE_CODE = YES;
				CLANG_WARN__DUPLICATE_METHOD_MATCH = YES;
				"CODE_SIGN_IDENTITY[sdk=iphoneos*]" = "iPhone Developer";
				COPY_PHASE_STRIP = NO;
				DEBUG_INFORMATION_FORMAT = dwarf;
				ENABLE_STRICT_OBJC_MSGSEND = YES;
				ENABLE_TESTABILITY = YES;
				GCC_C_LANGUAGE_STANDARD = gnu99;
				GCC_DYNAMIC_NO_PIC = NO;
				GCC_NO_COMMON_BLOCKS = YES;
				GCC_OPTIMIZATION_LEVEL = 0;
				GCC_PREPROCESSOR_DEFINITIONS = (
					"DEBUG=1",
					"$(inherited)",
				);
				GCC_WARN_64_TO_32_BIT_CONVERSION = YES;
				GCC_WARN_ABOUT_RETURN_TYPE = YES_ERROR;
				GCC_WARN_UNDECLARED_SELECTOR = YES;
				GCC_WARN_UNINITIALIZED_AUTOS = YES_AGGRESSIVE;
				GCC_WARN_UNUSED_FUNCTION = YES;
				GCC_WARN_UNUSED_VARIABLE = YES;
				IPHONEOS_DEPLOYMENT_TARGET = 10.0;
				MTL_ENABLE_DEBUG_INFO = YES;
				ONLY_ACTIVE_ARCH = YES;
				SDKROOT = iphoneos;
				TARGETED_DEVICE_FAMILY = "1,2";
			};
			name = Debug;
		};
		47B830411DC44AB600969523 /* Release */ = {
			isa = XCBuildConfiguration;
			buildSettings = {
				ALWAYS_SEARCH_USER_PATHS = NO;
				CLANG_ANALYZER_NONNULL = YES;
				CLANG_CXX_LANGUAGE_STANDARD = "gnu++0x";
				CLANG_CXX_LIBRARY = "libc++";
				CLANG_ENABLE_MODULES = YES;
				CLANG_ENABLE_OBJC_ARC = YES;
				CLANG_WARN_BOOL_CONVERSION = YES;
				CLANG_WARN_CONSTANT_CONVERSION = YES;
				CLANG_WARN_DIRECT_OBJC_ISA_USAGE = YES_ERROR;
				CLANG_WARN_DOCUMENTATION_COMMENTS = YES;
				CLANG_WARN_EMPTY_BODY = YES;
				CLANG_WARN_ENUM_CONVERSION = YES;
				CLANG_WARN_INFINITE_RECURSION = YES;
				CLANG_WARN_INT_CONVERSION = YES;
				CLANG_WARN_OBJC_ROOT_CLASS = YES_ERROR;
				CLANG_WARN_SUSPICIOUS_MOVE = YES;
				CLANG_WARN_SUSPICIOUS_MOVES = YES;
				CLANG_WARN_UNREACHABLE_CODE = YES;
				CLANG_WARN__DUPLICATE_METHOD_MATCH = YES;
				"CODE_SIGN_IDENTITY[sdk=iphoneos*]" = "iPhone Developer";
				COPY_PHASE_STRIP = NO;
				DEBUG_INFORMATION_FORMAT = "dwarf-with-dsym";
				ENABLE_NS_ASSERTIONS = NO;
				ENABLE_STRICT_OBJC_MSGSEND = YES;
				GCC_C_LANGUAGE_STANDARD = gnu99;
				GCC_NO_COMMON_BLOCKS = YES;
				GCC_WARN_64_TO_32_BIT_CONVERSION = YES;
				GCC_WARN_ABOUT_RETURN_TYPE = YES_ERROR;
				GCC_WARN_UNDECLARED_SELECTOR = YES;
				GCC_WARN_UNINITIALIZED_AUTOS = YES_AGGRESSIVE;
				GCC_WARN_UNUSED_FUNCTION = YES;
				GCC_WARN_UNUSED_VARIABLE = YES;
				IPHONEOS_DEPLOYMENT_TARGET = 10.0;
				MTL_ENABLE_DEBUG_INFO = NO;
				SDKROOT = iphoneos;
				TARGETED_DEVICE_FAMILY = "1,2";
				VALIDATE_PRODUCT = YES;
			};
			name = Release;
		};
		47B830431DC44AB600969523 /* Debug */ = {
			isa = XCBuildConfiguration;
			baseConfigurationReference = DBF618F96F45F01FD5E45D73 /* Pods-note_ios_app.debug.xcconfig */;
			buildSettings = {
				ASSETCATALOG_COMPILER_APPICON_NAME = AppIcon;
				DEVELOPMENT_TEAM = KATB9Z5ATZ;
				ENABLE_BITCODE = NO;
				GCC_PRECOMPILE_PREFIX_HEADER = YES;
				GCC_PREFIX_HEADER = "$(SRCROOT)/note_ios_app/JH_NOTE_PCH.pch";
				HEADER_SEARCH_PATHS = (
					"$(inherited)",
					"\"${PODS_ROOT}/Headers/Public\"",
					"\"${PODS_ROOT}/Headers/Public/AFDownloadRequestOperation\"",
					"\"${PODS_ROOT}/Headers/Public/AFNetworking\"",
					"\"${PODS_ROOT}/Headers/Public/CocoaAsyncSocket\"",
					"\"${PODS_ROOT}/Headers/Public/IQKeyboardManager\"",
					"\"${PODS_ROOT}/Headers/Public/JSQMessagesViewController\"",
					"\"${PODS_ROOT}/Headers/Public/JSQSystemSoundPlayer\"",
					"\"${PODS_ROOT}/Headers/Public/MJExtension\"",
					"\"${PODS_ROOT}/Headers/Public/MJRefresh\"",
					"\"${PODS_ROOT}/Headers/Public/Masonry\"",
					"\"${PODS_ROOT}/Headers/Public/SDWebImage\"",
					"\"${PODS_ROOT}/Headers/Public/YTKNetwork\"",
				);
				INFOPLIST_FILE = note_ios_app/Info.plist;
				IPHONEOS_DEPLOYMENT_TARGET = 8.0;
				LD_RUNPATH_SEARCH_PATHS = "$(inherited) @executable_path/Frameworks";
				LIBRARY_SEARCH_PATHS = (
					"$(inherited)",
					"$(PROJECT_DIR)/note_ios_app/Framework/lame",
				);
				PRODUCT_BUNDLE_IDENTIFIER = "jianghong.note-ios-app";
				PRODUCT_NAME = "$(TARGET_NAME)";
				TARGETED_DEVICE_FAMILY = 1;
			};
			name = Debug;
		};
		47B830441DC44AB600969523 /* Release */ = {
			isa = XCBuildConfiguration;
			baseConfigurationReference = 15E36BA90E8BB2D324FD635F /* Pods-note_ios_app.release.xcconfig */;
			buildSettings = {
				ASSETCATALOG_COMPILER_APPICON_NAME = AppIcon;
				DEVELOPMENT_TEAM = KATB9Z5ATZ;
				ENABLE_BITCODE = NO;
				GCC_PRECOMPILE_PREFIX_HEADER = YES;
				GCC_PREFIX_HEADER = "$(SRCROOT)/note_ios_app/JH_NOTE_PCH.pch";
				HEADER_SEARCH_PATHS = (
					"$(inherited)",
					"\"${PODS_ROOT}/Headers/Public\"",
					"\"${PODS_ROOT}/Headers/Public/AFDownloadRequestOperation\"",
					"\"${PODS_ROOT}/Headers/Public/AFNetworking\"",
					"\"${PODS_ROOT}/Headers/Public/CocoaAsyncSocket\"",
					"\"${PODS_ROOT}/Headers/Public/IQKeyboardManager\"",
					"\"${PODS_ROOT}/Headers/Public/JSQMessagesViewController\"",
					"\"${PODS_ROOT}/Headers/Public/JSQSystemSoundPlayer\"",
					"\"${PODS_ROOT}/Headers/Public/MJExtension\"",
					"\"${PODS_ROOT}/Headers/Public/MJRefresh\"",
					"\"${PODS_ROOT}/Headers/Public/Masonry\"",
					"\"${PODS_ROOT}/Headers/Public/SDWebImage\"",
					"\"${PODS_ROOT}/Headers/Public/YTKNetwork\"",
				);
				INFOPLIST_FILE = note_ios_app/Info.plist;
				IPHONEOS_DEPLOYMENT_TARGET = 8.0;
				LD_RUNPATH_SEARCH_PATHS = "$(inherited) @executable_path/Frameworks";
				LIBRARY_SEARCH_PATHS = (
					"$(inherited)",
					"$(PROJECT_DIR)/note_ios_app/Framework/lame",
				);
				PRODUCT_BUNDLE_IDENTIFIER = "jianghong.note-ios-app";
				PRODUCT_NAME = "$(TARGET_NAME)";
				TARGETED_DEVICE_FAMILY = 1;
			};
			name = Release;
		};
		47B830461DC44AB600969523 /* Debug */ = {
			isa = XCBuildConfiguration;
			buildSettings = {
				BUNDLE_LOADER = "$(TEST_HOST)";
				DEVELOPMENT_TEAM = KATB9Z5ATZ;
				INFOPLIST_FILE = note_ios_appTests/Info.plist;
				LD_RUNPATH_SEARCH_PATHS = "$(inherited) @executable_path/Frameworks @loader_path/Frameworks";
				PRODUCT_BUNDLE_IDENTIFIER = "jianghong.note-ios-appTests";
				PRODUCT_NAME = "$(TARGET_NAME)";
				TEST_HOST = "$(BUILT_PRODUCTS_DIR)/note_ios_app.app/note_ios_app";
			};
			name = Debug;
		};
		47B830471DC44AB600969523 /* Release */ = {
			isa = XCBuildConfiguration;
			buildSettings = {
				BUNDLE_LOADER = "$(TEST_HOST)";
				DEVELOPMENT_TEAM = KATB9Z5ATZ;
				INFOPLIST_FILE = note_ios_appTests/Info.plist;
				LD_RUNPATH_SEARCH_PATHS = "$(inherited) @executable_path/Frameworks @loader_path/Frameworks";
				PRODUCT_BUNDLE_IDENTIFIER = "jianghong.note-ios-appTests";
				PRODUCT_NAME = "$(TARGET_NAME)";
				TEST_HOST = "$(BUILT_PRODUCTS_DIR)/note_ios_app.app/note_ios_app";
			};
			name = Release;
		};
		47B830491DC44AB600969523 /* Debug */ = {
			isa = XCBuildConfiguration;
			buildSettings = {
				DEVELOPMENT_TEAM = KATB9Z5ATZ;
				INFOPLIST_FILE = note_ios_appUITests/Info.plist;
				LD_RUNPATH_SEARCH_PATHS = "$(inherited) @executable_path/Frameworks @loader_path/Frameworks";
				PRODUCT_BUNDLE_IDENTIFIER = "jianghong.note-ios-appUITests";
				PRODUCT_NAME = "$(TARGET_NAME)";
				TEST_TARGET_NAME = note_ios_app;
			};
			name = Debug;
		};
		47B8304A1DC44AB600969523 /* Release */ = {
			isa = XCBuildConfiguration;
			buildSettings = {
				DEVELOPMENT_TEAM = KATB9Z5ATZ;
				INFOPLIST_FILE = note_ios_appUITests/Info.plist;
				LD_RUNPATH_SEARCH_PATHS = "$(inherited) @executable_path/Frameworks @loader_path/Frameworks";
				PRODUCT_BUNDLE_IDENTIFIER = "jianghong.note-ios-appUITests";
				PRODUCT_NAME = "$(TARGET_NAME)";
				TEST_TARGET_NAME = note_ios_app;
			};
			name = Release;
		};
/* End XCBuildConfiguration section */

/* Begin XCConfigurationList section */
		47B830101DC44AB500969523 /* Build configuration list for PBXProject "note_ios_app" */ = {
			isa = XCConfigurationList;
			buildConfigurations = (
				47B830401DC44AB600969523 /* Debug */,
				47B830411DC44AB600969523 /* Release */,
			);
			defaultConfigurationIsVisible = 0;
			defaultConfigurationName = Release;
		};
		47B830421DC44AB600969523 /* Build configuration list for PBXNativeTarget "note_ios_app" */ = {
			isa = XCConfigurationList;
			buildConfigurations = (
				47B830431DC44AB600969523 /* Debug */,
				47B830441DC44AB600969523 /* Release */,
			);
			defaultConfigurationIsVisible = 0;
			defaultConfigurationName = Release;
		};
		47B830451DC44AB600969523 /* Build configuration list for PBXNativeTarget "note_ios_appTests" */ = {
			isa = XCConfigurationList;
			buildConfigurations = (
				47B830461DC44AB600969523 /* Debug */,
				47B830471DC44AB600969523 /* Release */,
			);
			defaultConfigurationIsVisible = 0;
			defaultConfigurationName = Release;
		};
		47B830481DC44AB600969523 /* Build configuration list for PBXNativeTarget "note_ios_appUITests" */ = {
			isa = XCConfigurationList;
			buildConfigurations = (
				47B830491DC44AB600969523 /* Debug */,
				47B8304A1DC44AB600969523 /* Release */,
			);
			defaultConfigurationIsVisible = 0;
			defaultConfigurationName = Release;
		};
/* End XCConfigurationList section */

/* Begin XCVersionGroup section */
		47A56B531E53FAAA00A86F34 /* JH_ChatCoreData.xcdatamodeld */ = {
			isa = XCVersionGroup;
			children = (
				47A56B541E53FAAA00A86F34 /* JH_ChatCoreData.xcdatamodel */,
			);
			currentVersion = 47A56B541E53FAAA00A86F34 /* JH_ChatCoreData.xcdatamodel */;
			path = JH_ChatCoreData.xcdatamodeld;
			sourceTree = "<group>";
			versionGroupType = wrapper.xcdatamodel;
		};
/* End XCVersionGroup section */
	};
	rootObject = 47B8300D1DC44AB500969523 /* Project object */;
}
