// !$*UTF8*$!
{
	archiveVersion = 1;
	classes = {
	};
	objectVersion = 46;
	objects = {

/* Begin PBXBuildFile section */
		A9FC72A61D584A6E003E3476 /* main.m in Sources */ = {isa = PBXBuildFile; fileRef = A9FC72A51D584A6E003E3476 /* main.m */; };
		A9FC72A91D584A6E003E3476 /* AppDelegate.m in Sources */ = {isa = PBXBuildFile; fileRef = A9FC72A81D584A6E003E3476 /* AppDelegate.m */; };
		A9FC72AC1D584A6E003E3476 /* ViewController.m in Sources */ = {isa = PBXBuildFile; fileRef = A9FC72AB1D584A6E003E3476 /* ViewController.m */; };
		A9FC72AF1D584A6E003E3476 /* Main.storyboard in Resources */ = {isa = PBXBuildFile; fileRef = A9FC72AD1D584A6E003E3476 /* Main.storyboard */; };
		A9FC72B11D584A6E003E3476 /* Assets.xcassets in Resources */ = {isa = PBXBuildFile; fileRef = A9FC72B01D584A6E003E3476 /* Assets.xcassets */; };
		A9FC72B41D584A6E003E3476 /* LaunchScreen.storyboard in Resources */ = {isa = PBXBuildFile; fileRef = A9FC72B21D584A6E003E3476 /* LaunchScreen.storyboard */; };
		A9FC72BF1D584A6F003E3476 /* firstObjectTests.m in Sources */ = {isa = PBXBuildFile; fileRef = A9FC72BE1D584A6F003E3476 /* firstObjectTests.m */; };
		A9FC72CA1D584A6F003E3476 /* firstObjectUITests.m in Sources */ = {isa = PBXBuildFile; fileRef = A9FC72C91D584A6F003E3476 /* firstObjectUITests.m */; };
		DB2143ACADB0F11C9DAB401F /* libPods-firstObject.a in Frameworks */ = {isa = PBXBuildFile; fileRef = 3BAA8D949676842683A5100B /* libPods-firstObject.a */; };
/* End PBXBuildFile section */

/* Begin PBXContainerItemProxy section */
		A9FC72BB1D584A6F003E3476 /* PBXContainerItemProxy */ = {
			isa = PBXContainerItemProxy;
			containerPortal = A9FC72991D584A6E003E3476 /* Project object */;
			proxyType = 1;
			remoteGlobalIDString = A9FC72A01D584A6E003E3476;
			remoteInfo = firstObject;
		};
		A9FC72C61D584A6F003E3476 /* PBXContainerItemProxy */ = {
			isa = PBXContainerItemProxy;
			containerPortal = A9FC72991D584A6E003E3476 /* Project object */;
			proxyType = 1;
			remoteGlobalIDString = A9FC72A01D584A6E003E3476;
			remoteInfo = firstObject;
		};
/* End PBXContainerItemProxy section */

/* Begin PBXFileReference section */
		045E2E862EEFBC4C8C68216F /* Pods-firstObject.debug.xcconfig */ = {isa = PBXFileReference; includeInIndex = 1; lastKnownFileType = text.xcconfig; name = "Pods-firstObject.debug.xcconfig"; path = "Pods/Target Support Files/Pods-firstObject/Pods-firstObject.debug.xcconfig"; sourceTree = "<group>"; };
		3BAA8D949676842683A5100B /* libPods-firstObject.a */ = {isa = PBXFileReference; explicitFileType = archive.ar; includeInIndex = 0; path = "libPods-firstObject.a"; sourceTree = BUILT_PRODUCTS_DIR; };
		A9FC72A11D584A6E003E3476 /* firstObject.app */ = {isa = PBXFileReference; explicitFileType = wrapper.application; includeInIndex = 0; path = firstObject.app; sourceTree = BUILT_PRODUCTS_DIR; };
		A9FC72A51D584A6E003E3476 /* main.m */ = {isa = PBXFileReference; lastKnownFileType = sourcecode.c.objc; path = main.m; sourceTree = "<group>"; };
		A9FC72A71D584A6E003E3476 /* AppDelegate.h */ = {isa = PBXFileReference; lastKnownFileType = sourcecode.c.h; path = AppDelegate.h; sourceTree = "<group>"; };
		A9FC72A81D584A6E003E3476 /* AppDelegate.m */ = {isa = PBXFileReference; lastKnownFileType = sourcecode.c.objc; path = AppDelegate.m; sourceTree = "<group>"; };
		A9FC72AA1D584A6E003E3476 /* ViewController.h */ = {isa = PBXFileReference; lastKnownFileType = sourcecode.c.h; path = ViewController.h; sourceTree = "<group>"; };
		A9FC72AB1D584A6E003E3476 /* ViewController.m */ = {isa = PBXFileReference; lastKnownFileType = sourcecode.c.objc; path = ViewController.m; sourceTree = "<group>"; };
		A9FC72AE1D584A6E003E3476 /* Base */ = {isa = PBXFileReference; lastKnownFileType = file.storyboard; name = Base; path = Base.lproj/Main.storyboard; sourceTree = "<group>"; };
		A9FC72B01D584A6E003E3476 /* Assets.xcassets */ = {isa = PBXFileReference; lastKnownFileType = folder.assetcatalog; path = Assets.xcassets; sourceTree = "<group>"; };
		A9FC72B31D584A6E003E3476 /* Base */ = {isa = PBXFileReference; lastKnownFileType = file.storyboard; name = Base; path = Base.lproj/LaunchScreen.storyboard; sourceTree = "<group>"; };
		A9FC72B51D584A6E003E3476 /* Info.plist */ = {isa = PBXFileReference; lastKnownFileType = text.plist.xml; path = Info.plist; sourceTree = "<group>"; };
		A9FC72BA1D584A6F003E3476 /* firstObjectTests.xctest */ = {isa = PBXFileReference; explicitFileType = wrapper.cfbundle; includeInIndex = 0; path = firstObjectTests.xctest; sourceTree = BUILT_PRODUCTS_DIR; };
		A9FC72BE1D584A6F003E3476 /* firstObjectTests.m */ = {isa = PBXFileReference; lastKnownFileType = sourcecode.c.objc; path = firstObjectTests.m; sourceTree = "<group>"; };
		A9FC72C01D584A6F003E3476 /* Info.plist */ = {isa = PBXFileReference; lastKnownFileType = text.plist.xml; path = Info.plist; sourceTree = "<group>"; };
		A9FC72C51D584A6F003E3476 /* firstObjectUITests.xctest */ = {isa = PBXFileReference; explicitFileType = wrapper.cfbundle; includeInIndex = 0; path = firstObjectUITests.xctest; sourceTree = BUILT_PRODUCTS_DIR; };
		A9FC72C91D584A6F003E3476 /* firstObjectUITests.m */ = {isa = PBXFileReference; lastKnownFileType = sourcecode.c.objc; path = firstObjectUITests.m; sourceTree = "<group>"; };
		A9FC72CB1D584A6F003E3476 /* Info.plist */ = {isa = PBXFileReference; lastKnownFileType = text.plist.xml; path = Info.plist; sourceTree = "<group>"; };
		E9304CA9DFED9918E6BA08B0 /* Pods-firstObject.release.xcconfig */ = {isa = PBXFileReference; includeInIndex = 1; lastKnownFileType = text.xcconfig; name = "Pods-firstObject.release.xcconfig"; path = "Pods/Target Support Files/Pods-firstObject/Pods-firstObject.release.xcconfig"; sourceTree = "<group>"; };
/* End PBXFileReference section */

/* Begin PBXFrameworksBuildPhase section */
		A9FC729E1D584A6E003E3476 /* Frameworks */ = {
			isa = PBXFrameworksBuildPhase;
			buildActionMask = 2147483647;
			files = (
				DB2143ACADB0F11C9DAB401F /* libPods-firstObject.a in Frameworks */,
			);
			runOnlyForDeploymentPostprocessing = 0;
		};
		A9FC72B71D584A6F003E3476 /* Frameworks */ = {
			isa = PBXFrameworksBuildPhase;
			buildActionMask = 2147483647;
			files = (
			);
			runOnlyForDeploymentPostprocessing = 0;
		};
		A9FC72C21D584A6F003E3476 /* Frameworks */ = {
			isa = PBXFrameworksBuildPhase;
			buildActionMask = 2147483647;
			files = (
			);
			runOnlyForDeploymentPostprocessing = 0;
		};
/* End PBXFrameworksBuildPhase section */

/* Begin PBXGroup section */
		8DAB173A1979CEDD36963744 /* Pods */ = {
			isa = PBXGroup;
			children = (
				045E2E862EEFBC4C8C68216F /* Pods-firstObject.debug.xcconfig */,
				E9304CA9DFED9918E6BA08B0 /* Pods-firstObject.release.xcconfig */,
			);
			name = Pods;
			sourceTree = "<group>";
		};
		90AABEE341CA365C9991F64A /* Frameworks */ = {
			isa = PBXGroup;
			children = (
				3BAA8D949676842683A5100B /* libPods-firstObject.a */,
			);
			name = Frameworks;
			sourceTree = "<group>";
		};
		A9FC72981D584A6E003E3476 = {
			isa = PBXGroup;
			children = (
				A9FC72A31D584A6E003E3476 /* firstObject */,
				A9FC72BD1D584A6F003E3476 /* firstObjectTests */,
				A9FC72C81D584A6F003E3476 /* firstObjectUITests */,
				A9FC72A21D584A6E003E3476 /* Products */,
				8DAB173A1979CEDD36963744 /* Pods */,
				90AABEE341CA365C9991F64A /* Frameworks */,
			);
			sourceTree = "<group>";
		};
		A9FC72A21D584A6E003E3476 /* Products */ = {
			isa = PBXGroup;
			children = (
				A9FC72A11D584A6E003E3476 /* firstObject.app */,
				A9FC72BA1D584A6F003E3476 /* firstObjectTests.xctest */,
				A9FC72C51D584A6F003E3476 /* firstObjectUITests.xctest */,
			);
			name = Products;
			sourceTree = "<group>";
		};
		A9FC72A31D584A6E003E3476 /* firstObject */ = {
			isa = PBXGroup;
			children = (
				A9FC72A71D584A6E003E3476 /* AppDelegate.h */,
				A9FC72A81D584A6E003E3476 /* AppDelegate.m */,
				A9FC72AA1D584A6E003E3476 /* ViewController.h */,
				A9FC72AB1D584A6E003E3476 /* ViewController.m */,
				A9FC72AD1D584A6E003E3476 /* Main.storyboard */,
				A9FC72B01D584A6E003E3476 /* Assets.xcassets */,
				A9FC72B21D584A6E003E3476 /* LaunchScreen.storyboard */,
				A9FC72B51D584A6E003E3476 /* Info.plist */,
				A9FC72A41D584A6E003E3476 /* Supporting Files */,
			);
			path = firstObject;
			sourceTree = "<group>";
		};
		A9FC72A41D584A6E003E3476 /* Supporting Files */ = {
			isa = PBXGroup;
			children = (
				A9FC72A51D584A6E003E3476 /* main.m */,
			);
			name = "Supporting Files";
			sourceTree = "<group>";
		};
		A9FC72BD1D584A6F003E3476 /* firstObjectTests */ = {
			isa = PBXGroup;
			children = (
				A9FC72BE1D584A6F003E3476 /* firstObjectTests.m */,
				A9FC72C01D584A6F003E3476 /* Info.plist */,
			);
			path = firstObjectTests;
			sourceTree = "<group>";
		};
		A9FC72C81D584A6F003E3476 /* firstObjectUITests */ = {
			isa = PBXGroup;
			children = (
				A9FC72C91D584A6F003E3476 /* firstObjectUITests.m */,
				A9FC72CB1D584A6F003E3476 /* Info.plist */,
			);
			path = firstObjectUITests;
			sourceTree = "<group>";
		};
/* End PBXGroup section */

/* Begin PBXNativeTarget section */
		A9FC72A01D584A6E003E3476 /* firstObject */ = {
			isa = PBXNativeTarget;
			buildConfigurationList = A9FC72CE1D584A6F003E3476 /* Build configuration list for PBXNativeTarget "firstObject" */;
			buildPhases = (
				A7B1BF02E55AC7FFE59D9A17 /* [CP] Check Pods Manifest.lock */,
				A9FC729D1D584A6E003E3476 /* Sources */,
				A9FC729E1D584A6E003E3476 /* Frameworks */,
				A9FC729F1D584A6E003E3476 /* Resources */,
				6EF23713F3D5B051805DCE2F /* [CP] Embed Pods Frameworks */,
				FE0D6611A668EB6AE0B8300C /* [CP] Copy Pods Resources */,
			);
			buildRules = (
			);
			dependencies = (
			);
			name = firstObject;
			productName = firstObject;
			productReference = A9FC72A11D584A6E003E3476 /* firstObject.app */;
			productType = "com.apple.product-type.application";
		};
		A9FC72B91D584A6F003E3476 /* firstObjectTests */ = {
			isa = PBXNativeTarget;
			buildConfigurationList = A9FC72D11D584A6F003E3476 /* Build configuration list for PBXNativeTarget "firstObjectTests" */;
			buildPhases = (
				A9FC72B61D584A6F003E3476 /* Sources */,
				A9FC72B71D584A6F003E3476 /* Frameworks */,
				A9FC72B81D584A6F003E3476 /* Resources */,
			);
			buildRules = (
			);
			dependencies = (
				A9FC72BC1D584A6F003E3476 /* PBXTargetDependency */,
			);
			name = firstObjectTests;
			productName = firstObjectTests;
			productReference = A9FC72BA1D584A6F003E3476 /* firstObjectTests.xctest */;
			productType = "com.apple.product-type.bundle.unit-test";
		};
		A9FC72C41D584A6F003E3476 /* firstObjectUITests */ = {
			isa = PBXNativeTarget;
			buildConfigurationList = A9FC72D41D584A6F003E3476 /* Build configuration list for PBXNativeTarget "firstObjectUITests" */;
			buildPhases = (
				A9FC72C11D584A6F003E3476 /* Sources */,
				A9FC72C21D584A6F003E3476 /* Frameworks */,
				A9FC72C31D584A6F003E3476 /* Resources */,
			);
			buildRules = (
			);
			dependencies = (
				A9FC72C71D584A6F003E3476 /* PBXTargetDependency */,
			);
			name = firstObjectUITests;
			productName = firstObjectUITests;
			productReference = A9FC72C51D584A6F003E3476 /* firstObjectUITests.xctest */;
			productType = "com.apple.product-type.bundle.ui-testing";
		};
/* End PBXNativeTarget section */

/* Begin PBXProject section */
		A9FC72991D584A6E003E3476 /* Project object */ = {
			isa = PBXProject;
			attributes = {
				LastUpgradeCheck = 0730;
				ORGANIZATIONNAME = jiangmiao;
				TargetAttributes = {
					A9FC72A01D584A6E003E3476 = {
						CreatedOnToolsVersion = 7.3.1;
						DevelopmentTeam = KATB9Z5ATZ;
					};
					A9FC72B91D584A6F003E3476 = {
						CreatedOnToolsVersion = 7.3.1;
						TestTargetID = A9FC72A01D584A6E003E3476;
					};
					A9FC72C41D584A6F003E3476 = {
						CreatedOnToolsVersion = 7.3.1;
						TestTargetID = A9FC72A01D584A6E003E3476;
					};
				};
			};
			buildConfigurationList = A9FC729C1D584A6E003E3476 /* Build configuration list for PBXProject "firstObject" */;
			compatibilityVersion = "Xcode 3.2";
			developmentRegion = English;
			hasScannedForEncodings = 0;
			knownRegions = (
				en,
				Base,
			);
			mainGroup = A9FC72981D584A6E003E3476;
			productRefGroup = A9FC72A21D584A6E003E3476 /* Products */;
			projectDirPath = "";
			projectRoot = "";
			targets = (
				A9FC72A01D584A6E003E3476 /* firstObject */,
				A9FC72B91D584A6F003E3476 /* firstObjectTests */,
				A9FC72C41D584A6F003E3476 /* firstObjectUITests */,
			);
		};
/* End PBXProject section */

/* Begin PBXResourcesBuildPhase section */
		A9FC729F1D584A6E003E3476 /* Resources */ = {
			isa = PBXResourcesBuildPhase;
			buildActionMask = 2147483647;
			files = (
				A9FC72B41D584A6E003E3476 /* LaunchScreen.storyboard in Resources */,
				A9FC72B11D584A6E003E3476 /* Assets.xcassets in Resources */,
				A9FC72AF1D584A6E003E3476 /* Main.storyboard in Resources */,
			);
			runOnlyForDeploymentPostprocessing = 0;
		};
		A9FC72B81D584A6F003E3476 /* Resources */ = {
			isa = PBXResourcesBuildPhase;
			buildActionMask = 2147483647;
			files = (
			);
			runOnlyForDeploymentPostprocessing = 0;
		};
		A9FC72C31D584A6F003E3476 /* Resources */ = {
			isa = PBXResourcesBuildPhase;
			buildActionMask = 2147483647;
			files = (
			);
			runOnlyForDeploymentPostprocessing = 0;
		};
/* End PBXResourcesBuildPhase section */

/* Begin PBXShellScriptBuildPhase section */
		6EF23713F3D5B051805DCE2F /* [CP] Embed Pods Frameworks */ = {
			isa = PBXShellScriptBuildPhase;
			buildActionMask = 2147483647;
			files = (
			);
			inputPaths = (
			);
			name = "[CP] Embed Pods Frameworks";
			outputPaths = (
			);
			runOnlyForDeploymentPostprocessing = 0;
			shellPath = /bin/sh;
			shellScript = "\"${SRCROOT}/Pods/Target Support Files/Pods-firstObject/Pods-firstObject-frameworks.sh\"\n";
			showEnvVarsInLog = 0;
		};
		A7B1BF02E55AC7FFE59D9A17 /* [CP] Check Pods Manifest.lock */ = {
			isa = PBXShellScriptBuildPhase;
			buildActionMask = 2147483647;
			files = (
			);
			inputPaths = (
			);
			name = "[CP] Check Pods Manifest.lock";
			outputPaths = (
			);
			runOnlyForDeploymentPostprocessing = 0;
			shellPath = /bin/sh;
			shellScript = "diff \"${PODS_ROOT}/../Podfile.lock\" \"${PODS_ROOT}/Manifest.lock\" > /dev/null\nif [[ $? != 0 ]] ; then\n    cat << EOM\nerror: The sandbox is not in sync with the Podfile.lock. Run 'pod install' or update your CocoaPods installation.\nEOM\n    exit 1\nfi\n";
			showEnvVarsInLog = 0;
		};
		FE0D6611A668EB6AE0B8300C /* [CP] Copy Pods Resources */ = {
			isa = PBXShellScriptBuildPhase;
			buildActionMask = 2147483647;
			files = (
			);
			inputPaths = (
			);
			name = "[CP] Copy Pods Resources";
			outputPaths = (
			);
			runOnlyForDeploymentPostprocessing = 0;
			shellPath = /bin/sh;
			shellScript = "\"${SRCROOT}/Pods/Target Support Files/Pods-firstObject/Pods-firstObject-resources.sh\"\n";
			showEnvVarsInLog = 0;
		};
/* End PBXShellScriptBuildPhase section */

/* Begin PBXSourcesBuildPhase section */
		A9FC729D1D584A6E003E3476 /* Sources */ = {
			isa = PBXSourcesBuildPhase;
			buildActionMask = 2147483647;
			files = (
				A9FC72AC1D584A6E003E3476 /* ViewController.m in Sources */,
				A9FC72A91D584A6E003E3476 /* AppDelegate.m in Sources */,
				A9FC72A61D584A6E003E3476 /* main.m in Sources */,
			);
			runOnlyForDeploymentPostprocessing = 0;
		};
		A9FC72B61D584A6F003E3476 /* Sources */ = {
			isa = PBXSourcesBuildPhase;
			buildActionMask = 2147483647;
			files = (
				A9FC72BF1D584A6F003E3476 /* firstObjectTests.m in Sources */,
			);
			runOnlyForDeploymentPostprocessing = 0;
		};
		A9FC72C11D584A6F003E3476 /* Sources */ = {
			isa = PBXSourcesBuildPhase;
			buildActionMask = 2147483647;
			files = (
				A9FC72CA1D584A6F003E3476 /* firstObjectUITests.m in Sources */,
			);
			runOnlyForDeploymentPostprocessing = 0;
		};
/* End PBXSourcesBuildPhase section */

/* Begin PBXTargetDependency section */
		A9FC72BC1D584A6F003E3476 /* PBXTargetDependency */ = {
			isa = PBXTargetDependency;
			target = A9FC72A01D584A6E003E3476 /* firstObject */;
			targetProxy = A9FC72BB1D584A6F003E3476 /* PBXContainerItemProxy */;
		};
		A9FC72C71D584A6F003E3476 /* PBXTargetDependency */ = {
			isa = PBXTargetDependency;
			target = A9FC72A01D584A6E003E3476 /* firstObject */;
			targetProxy = A9FC72C61D584A6F003E3476 /* PBXContainerItemProxy */;
		};
/* End PBXTargetDependency section */

/* Begin PBXVariantGroup section */
		A9FC72AD1D584A6E003E3476 /* Main.storyboard */ = {
			isa = PBXVariantGroup;
			children = (
				A9FC72AE1D584A6E003E3476 /* Base */,
			);
			name = Main.storyboard;
			sourceTree = "<group>";
		};
		A9FC72B21D584A6E003E3476 /* LaunchScreen.storyboard */ = {
			isa = PBXVariantGroup;
			children = (
				A9FC72B31D584A6E003E3476 /* Base */,
			);
			name = LaunchScreen.storyboard;
			sourceTree = "<group>";
		};
/* End PBXVariantGroup section */

/* Begin XCBuildConfiguration section */
		A9FC72CC1D584A6F003E3476 /* Debug */ = {
			isa = XCBuildConfiguration;
			buildSettings = {
				ALWAYS_SEARCH_USER_PATHS = NO;
				CLANG_ANALYZER_NONNULL = YES;
				CLANG_CXX_LANGUAGE_STANDARD = "gnu++0x";
				CLANG_CXX_LIBRARY = "libc++";
				CLANG_ENABLE_MODULES = YES;
				CLANG_ENABLE_OBJC_ARC = YES;
				CLANG_WARN_BOOL_CONVERSION = YES;
				CLANG_WARN_CONSTANT_CONVERSION = YES;
				CLANG_WARN_DIRECT_OBJC_ISA_USAGE = YES_ERROR;
				CLANG_WARN_EMPTY_BODY = YES;
				CLANG_WARN_ENUM_CONVERSION = YES;
				CLANG_WARN_INT_CONVERSION = YES;
				CLANG_WARN_OBJC_ROOT_CLASS = YES_ERROR;
				CLANG_WARN_UNREACHABLE_CODE = YES;
				CLANG_WARN__DUPLICATE_METHOD_MATCH = YES;
				"CODE_SIGN_IDENTITY[sdk=iphoneos*]" = "iPhone Developer";
				COPY_PHASE_STRIP = NO;
				DEBUG_INFORMATION_FORMAT = dwarf;
				ENABLE_STRICT_OBJC_MSGSEND = YES;
				ENABLE_TESTABILITY = YES;
				GCC_C_LANGUAGE_STANDARD = gnu99;
				GCC_DYNAMIC_NO_PIC = NO;
				GCC_NO_COMMON_BLOCKS = YES;
				GCC_OPTIMIZATION_LEVEL = 0;
				GCC_PREPROCESSOR_DEFINITIONS = (
					"DEBUG=1",
					"$(inherited)",
				);
				GCC_WARN_64_TO_32_BIT_CONVERSION = YES;
				GCC_WARN_ABOUT_RETURN_TYPE = YES_ERROR;
				GCC_WARN_UNDECLARED_SELECTOR = YES;
				GCC_WARN_UNINITIALIZED_AUTOS = YES_AGGRESSIVE;
				GCC_WARN_UNUSED_FUNCTION = YES;
				GCC_WARN_UNUSED_VARIABLE = YES;
				IPHONEOS_DEPLOYMENT_TARGET = 9.3;
				MTL_ENABLE_DEBUG_INFO = YES;
				ONLY_ACTIVE_ARCH = YES;
				SDKROOT = iphoneos;
				TARGETED_DEVICE_FAMILY = "1,2";
			};
			name = Debug;
		};
		A9FC72CD1D584A6F003E3476 /* Release */ = {
			isa = XCBuildConfiguration;
			buildSettings = {
				ALWAYS_SEARCH_USER_PATHS = NO;
				CLANG_ANALYZER_NONNULL = YES;
				CLANG_CXX_LANGUAGE_STANDARD = "gnu++0x";
				CLANG_CXX_LIBRARY = "libc++";
				CLANG_ENABLE_MODULES = YES;
				CLANG_ENABLE_OBJC_ARC = YES;
				CLANG_WARN_BOOL_CONVERSION = YES;
				CLANG_WARN_CONSTANT_CONVERSION = YES;
				CLANG_WARN_DIRECT_OBJC_ISA_USAGE = YES_ERROR;
				CLANG_WARN_EMPTY_BODY = YES;
				CLANG_WARN_ENUM_CONVERSION = YES;
				CLANG_WARN_INT_CONVERSION = YES;
				CLANG_WARN_OBJC_ROOT_CLASS = YES_ERROR;
				CLANG_WARN_UNREACHABLE_CODE = YES;
				CLANG_WARN__DUPLICATE_METHOD_MATCH = YES;
				"CODE_SIGN_IDENTITY[sdk=iphoneos*]" = "iPhone Developer";
				COPY_PHASE_STRIP = NO;
				DEBUG_INFORMATION_FORMAT = "dwarf-with-dsym";
				ENABLE_NS_ASSERTIONS = NO;
				ENABLE_STRICT_OBJC_MSGSEND = YES;
				GCC_C_LANGUAGE_STANDARD = gnu99;
				GCC_NO_COMMON_BLOCKS = YES;
				GCC_WARN_64_TO_32_BIT_CONVERSION = YES;
				GCC_WARN_ABOUT_RETURN_TYPE = YES_ERROR;
				GCC_WARN_UNDECLARED_SELECTOR = YES;
				GCC_WARN_UNINITIALIZED_AUTOS = YES_AGGRESSIVE;
				GCC_WARN_UNUSED_FUNCTION = YES;
				GCC_WARN_UNUSED_VARIABLE = YES;
				IPHONEOS_DEPLOYMENT_TARGET = 9.3;
				MTL_ENABLE_DEBUG_INFO = NO;
				SDKROOT = iphoneos;
				TARGETED_DEVICE_FAMILY = "1,2";
				VALIDATE_PRODUCT = YES;
			};
			name = Release;
		};
		A9FC72CF1D584A6F003E3476 /* Debug */ = {
			isa = XCBuildConfiguration;
			baseConfigurationReference = 045E2E862EEFBC4C8C68216F /* Pods-firstObject.debug.xcconfig */;
			buildSettings = {
				ASSETCATALOG_COMPILER_APPICON_NAME = AppIcon;
				DEVELOPMENT_TEAM = KATB9Z5ATZ;
				INFOPLIST_FILE = firstObject/Info.plist;
				IPHONEOS_DEPLOYMENT_TARGET = 8.0;
				LD_RUNPATH_SEARCH_PATHS = "$(inherited) @executable_path/Frameworks";
				PRODUCT_BUNDLE_IDENTIFIER = jiangmiao.firstObject;
				PRODUCT_NAME = "$(TARGET_NAME)";
			};
			name = Debug;
		};
		A9FC72D01D584A6F003E3476 /* Release */ = {
			isa = XCBuildConfiguration;
			baseConfigurationReference = E9304CA9DFED9918E6BA08B0 /* Pods-firstObject.release.xcconfig */;
			buildSettings = {
				ASSETCATALOG_COMPILER_APPICON_NAME = AppIcon;
				DEVELOPMENT_TEAM = KATB9Z5ATZ;
				INFOPLIST_FILE = firstObject/Info.plist;
				IPHONEOS_DEPLOYMENT_TARGET = 8.0;
				LD_RUNPATH_SEARCH_PATHS = "$(inherited) @executable_path/Frameworks";
				PRODUCT_BUNDLE_IDENTIFIER = jiangmiao.firstObject;
				PRODUCT_NAME = "$(TARGET_NAME)";
			};
			name = Release;
		};
		A9FC72D21D584A6F003E3476 /* Debug */ = {
			isa = XCBuildConfiguration;
			buildSettings = {
				BUNDLE_LOADER = "$(TEST_HOST)";
				INFOPLIST_FILE = firstObjectTests/Info.plist;
				LD_RUNPATH_SEARCH_PATHS = "$(inherited) @executable_path/Frameworks @loader_path/Frameworks";
				PRODUCT_BUNDLE_IDENTIFIER = jiangmiao.firstObjectTests;
				PRODUCT_NAME = "$(TARGET_NAME)";
				TEST_HOST = "$(BUILT_PRODUCTS_DIR)/firstObject.app/firstObject";
			};
			name = Debug;
		};
		A9FC72D31D584A6F003E3476 /* Release */ = {
			isa = XCBuildConfiguration;
			buildSettings = {
				BUNDLE_LOADER = "$(TEST_HOST)";
				INFOPLIST_FILE = firstObjectTests/Info.plist;
				LD_RUNPATH_SEARCH_PATHS = "$(inherited) @executable_path/Frameworks @loader_path/Frameworks";
				PRODUCT_BUNDLE_IDENTIFIER = jiangmiao.firstObjectTests;
				PRODUCT_NAME = "$(TARGET_NAME)";
				TEST_HOST = "$(BUILT_PRODUCTS_DIR)/firstObject.app/firstObject";
			};
			name = Release;
		};
		A9FC72D51D584A6F003E3476 /* Debug */ = {
			isa = XCBuildConfiguration;
			buildSettings = {
				INFOPLIST_FILE = firstObjectUITests/Info.plist;
				LD_RUNPATH_SEARCH_PATHS = "$(inherited) @executable_path/Frameworks @loader_path/Frameworks";
				PRODUCT_BUNDLE_IDENTIFIER = jiangmiao.firstObjectUITests;
				PRODUCT_NAME = "$(TARGET_NAME)";
				TEST_TARGET_NAME = firstObject;
			};
			name = Debug;
		};
		A9FC72D61D584A6F003E3476 /* Release */ = {
			isa = XCBuildConfiguration;
			buildSettings = {
				INFOPLIST_FILE = firstObjectUITests/Info.plist;
				LD_RUNPATH_SEARCH_PATHS = "$(inherited) @executable_path/Frameworks @loader_path/Frameworks";
				PRODUCT_BUNDLE_IDENTIFIER = jiangmiao.firstObjectUITests;
				PRODUCT_NAME = "$(TARGET_NAME)";
				TEST_TARGET_NAME = firstObject;
			};
			name = Release;
		};
/* End XCBuildConfiguration section */

/* Begin XCConfigurationList section */
		A9FC729C1D584A6E003E3476 /* Build configuration list for PBXProject "firstObject" */ = {
			isa = XCConfigurationList;
			buildConfigurations = (
				A9FC72CC1D584A6F003E3476 /* Debug */,
				A9FC72CD1D584A6F003E3476 /* Release */,
			);
			defaultConfigurationIsVisible = 0;
			defaultConfigurationName = Release;
		};
		A9FC72CE1D584A6F003E3476 /* Build configuration list for PBXNativeTarget "firstObject" */ = {
			isa = XCConfigurationList;
			buildConfigurations = (
				A9FC72CF1D584A6F003E3476 /* Debug */,
				A9FC72D01D584A6F003E3476 /* Release */,
			);
			defaultConfigurationIsVisible = 0;
			defaultConfigurationName = Release;
		};
		A9FC72D11D584A6F003E3476 /* Build configuration list for PBXNativeTarget "firstObjectTests" */ = {
			isa = XCConfigurationList;
			buildConfigurations = (
				A9FC72D21D584A6F003E3476 /* Debug */,
				A9FC72D31D584A6F003E3476 /* Release */,
			);
			defaultConfigurationIsVisible = 0;
			defaultConfigurationName = Release;
		};
		A9FC72D41D584A6F003E3476 /* Build configuration list for PBXNativeTarget "firstObjectUITests" */ = {
			isa = XCConfigurationList;
			buildConfigurations = (
				A9FC72D51D584A6F003E3476 /* Debug */,
				A9FC72D61D584A6F003E3476 /* Release */,
			);
			defaultConfigurationIsVisible = 0;
			defaultConfigurationName = Release;
		};
/* End XCConfigurationList section */
	};
	rootObject = A9FC72991D584A6E003E3476 /* Project object */;
}
